// !$*UTF8*$!
{
	archiveVersion = 1;
	classes = {
	};
	objectVersion = 46;
	objects = {

/* Begin PBXBuildFile section */
		192704771991DA1B00E75F42 /* UIComponents.cpp in Sources */ = {isa = PBXBuildFile; fileRef = 192704751991DA1B00E75F42 /* UIComponents.cpp */; };
		197B9EA21A739B42004F9547 /* Object.cpp in Sources */ = {isa = PBXBuildFile; fileRef = 197B9E271A739B42004F9547 /* Object.cpp */; };
		197B9EA31A739B42004F9547 /* BItmap.cpp in Sources */ = {isa = PBXBuildFile; fileRef = 197B9E2A1A739B42004F9547 /* BItmap.cpp */; };
		197B9EA41A739B42004F9547 /* BitmapData.cpp in Sources */ = {isa = PBXBuildFile; fileRef = 197B9E2C1A739B42004F9547 /* BitmapData.cpp */; };
		197B9EA51A739B42004F9547 /* BlendMode.cpp in Sources */ = {isa = PBXBuildFile; fileRef = 197B9E2E1A739B42004F9547 /* BlendMode.cpp */; };
		197B9EA61A739B42004F9547 /* DisplayObject.cpp in Sources */ = {isa = PBXBuildFile; fileRef = 197B9E301A739B42004F9547 /* DisplayObject.cpp */; };
		197B9EA71A739B42004F9547 /* DisplayObjectContainer.cpp in Sources */ = {isa = PBXBuildFile; fileRef = 197B9E321A739B42004F9547 /* DisplayObjectContainer.cpp */; };
		197B9EA81A739B42004F9547 /* Graphics.cpp in Sources */ = {isa = PBXBuildFile; fileRef = 197B9E341A739B42004F9547 /* Graphics.cpp */; };
		197B9EA91A739B42004F9547 /* InteractiveObject.cpp in Sources */ = {isa = PBXBuildFile; fileRef = 197B9E361A739B42004F9547 /* InteractiveObject.cpp */; };
		197B9EAA1A739B42004F9547 /* MovieClip.cpp in Sources */ = {isa = PBXBuildFile; fileRef = 197B9E381A739B42004F9547 /* MovieClip.cpp */; };
		197B9EAB1A739B42004F9547 /* Shape.cpp in Sources */ = {isa = PBXBuildFile; fileRef = 197B9E3A1A739B42004F9547 /* Shape.cpp */; };
		197B9EAC1A739B42004F9547 /* Sprite.cpp in Sources */ = {isa = PBXBuildFile; fileRef = 197B9E3C1A739B42004F9547 /* Sprite.cpp */; };
		197B9EAD1A739B42004F9547 /* Stage.cpp in Sources */ = {isa = PBXBuildFile; fileRef = 197B9E3E1A739B42004F9547 /* Stage.cpp */; };
		197B9EAE1A739B42004F9547 /* AnimationEvent.cpp in Sources */ = {isa = PBXBuildFile; fileRef = 197B9E411A739B42004F9547 /* AnimationEvent.cpp */; };
		197B9EAF1A739B42004F9547 /* ColorPickerEvent.cpp in Sources */ = {isa = PBXBuildFile; fileRef = 197B9E431A739B42004F9547 /* ColorPickerEvent.cpp */; };
		197B9EB01A739B42004F9547 /* ColorSliderEvent.cpp in Sources */ = {isa = PBXBuildFile; fileRef = 197B9E451A739B42004F9547 /* ColorSliderEvent.cpp */; };
		197B9EB11A739B42004F9547 /* ComboBoxEvent.cpp in Sources */ = {isa = PBXBuildFile; fileRef = 197B9E471A739B42004F9547 /* ComboBoxEvent.cpp */; };
		197B9EB21A739B42004F9547 /* Event.cpp in Sources */ = {isa = PBXBuildFile; fileRef = 197B9E491A739B42004F9547 /* Event.cpp */; };
		197B9EB31A739B42004F9547 /* EventDispatcher.cpp in Sources */ = {isa = PBXBuildFile; fileRef = 197B9E4B1A739B42004F9547 /* EventDispatcher.cpp */; };
		197B9EB41A739B42004F9547 /* FocusEvent.cpp in Sources */ = {isa = PBXBuildFile; fileRef = 197B9E4E1A739B42004F9547 /* FocusEvent.cpp */; };
		197B9EB51A739B42004F9547 /* JoystickEvent.cpp in Sources */ = {isa = PBXBuildFile; fileRef = 197B9E501A739B42004F9547 /* JoystickEvent.cpp */; };
		197B9EB61A739B42004F9547 /* KeyboardEvent.cpp in Sources */ = {isa = PBXBuildFile; fileRef = 197B9E521A739B42004F9547 /* KeyboardEvent.cpp */; };
		197B9EB71A739B42004F9547 /* MouseEvent.cpp in Sources */ = {isa = PBXBuildFile; fileRef = 197B9E541A739B42004F9547 /* MouseEvent.cpp */; };
		197B9EB81A739B42004F9547 /* NumberDialerEvent.cpp in Sources */ = {isa = PBXBuildFile; fileRef = 197B9E561A739B42004F9547 /* NumberDialerEvent.cpp */; };
		197B9EB91A739B42004F9547 /* PadEvent.cpp in Sources */ = {isa = PBXBuildFile; fileRef = 197B9E581A739B42004F9547 /* PadEvent.cpp */; };
		197B9EBA1A739B42004F9547 /* RadioButtonEvent.cpp in Sources */ = {isa = PBXBuildFile; fileRef = 197B9E5A1A739B42004F9547 /* RadioButtonEvent.cpp */; };
		197B9EBB1A739B42004F9547 /* RangeSliderEvent.cpp in Sources */ = {isa = PBXBuildFile; fileRef = 197B9E5C1A739B42004F9547 /* RangeSliderEvent.cpp */; };
		197B9EBC1A739B42004F9547 /* SliderEvent.cpp in Sources */ = {isa = PBXBuildFile; fileRef = 197B9E5E1A739B42004F9547 /* SliderEvent.cpp */; };
		197B9EBD1A739B42004F9547 /* SoundEvent.cpp in Sources */ = {isa = PBXBuildFile; fileRef = 197B9E601A739B42004F9547 /* SoundEvent.cpp */; };
		197B9EBE1A739B42004F9547 /* Flash2D.cpp in Sources */ = {isa = PBXBuildFile; fileRef = 197B9E631A739B42004F9547 /* Flash2D.cpp */; };
		197B9EBF1A739B42004F9547 /* FlashConfig.cpp in Sources */ = {isa = PBXBuildFile; fileRef = 197B9E651A739B42004F9547 /* FlashConfig.cpp */; };
		197B9EC01A739B42004F9547 /* ColorTransform.cpp in Sources */ = {isa = PBXBuildFile; fileRef = 197B9E681A739B42004F9547 /* ColorTransform.cpp */; };
		197B9EC11A739B42004F9547 /* Matrix.cpp in Sources */ = {isa = PBXBuildFile; fileRef = 197B9E6A1A739B42004F9547 /* Matrix.cpp */; };
		197B9EC21A739B42004F9547 /* Particle2D.cpp in Sources */ = {isa = PBXBuildFile; fileRef = 197B9E6C1A739B42004F9547 /* Particle2D.cpp */; };
		197B9EC31A739B42004F9547 /* Rectangle.cpp in Sources */ = {isa = PBXBuildFile; fileRef = 197B9E6E1A739B42004F9547 /* Rectangle.cpp */; };
		197B9EC41A739B42004F9547 /* Transform.cpp in Sources */ = {isa = PBXBuildFile; fileRef = 197B9E701A739B42004F9547 /* Transform.cpp */; };
		197B9EC51A739B42004F9547 /* Font.cpp in Sources */ = {isa = PBXBuildFile; fileRef = 197B9E771A739B42004F9547 /* Font.cpp */; };
		197B9EC61A739B42004F9547 /* TextField.cpp in Sources */ = {isa = PBXBuildFile; fileRef = 197B9E791A739B42004F9547 /* TextField.cpp */; };
		197B9EC71A739B42004F9547 /* TextFieldAutoSize.cpp in Sources */ = {isa = PBXBuildFile; fileRef = 197B9E7B1A739B42004F9547 /* TextFieldAutoSize.cpp */; };
		197B9EC81A739B42004F9547 /* Button.cpp in Sources */ = {isa = PBXBuildFile; fileRef = 197B9E7E1A739B42004F9547 /* Button.cpp */; };
		197B9EC91A739B42004F9547 /* CircleColorPicker.cpp in Sources */ = {isa = PBXBuildFile; fileRef = 197B9E801A739B42004F9547 /* CircleColorPicker.cpp */; };
		197B9ECA1A739B42004F9547 /* ColorSlider.cpp in Sources */ = {isa = PBXBuildFile; fileRef = 197B9E821A739B42004F9547 /* ColorSlider.cpp */; };
		197B9ECB1A739B42004F9547 /* ComboBox.cpp in Sources */ = {isa = PBXBuildFile; fileRef = 197B9E841A739B42004F9547 /* ComboBox.cpp */; };
		197B9ECC1A739B42004F9547 /* Joystick.cpp in Sources */ = {isa = PBXBuildFile; fileRef = 197B9E861A739B42004F9547 /* Joystick.cpp */; };
		197B9ECD1A739B42004F9547 /* Keyboard.cpp in Sources */ = {isa = PBXBuildFile; fileRef = 197B9E881A739B42004F9547 /* Keyboard.cpp */; };
		197B9ECE1A739B42004F9547 /* Mouse.cpp in Sources */ = {isa = PBXBuildFile; fileRef = 197B9E8A1A739B42004F9547 /* Mouse.cpp */; };
		197B9ECF1A739B42004F9547 /* NumberDialer.cpp in Sources */ = {isa = PBXBuildFile; fileRef = 197B9E8C1A739B42004F9547 /* NumberDialer.cpp */; };
		197B9ED01A739B42004F9547 /* Pad2D.cpp in Sources */ = {isa = PBXBuildFile; fileRef = 197B9E8E1A739B42004F9547 /* Pad2D.cpp */; };
		197B9ED11A739B42004F9547 /* Pad3D.cpp in Sources */ = {isa = PBXBuildFile; fileRef = 197B9E901A739B42004F9547 /* Pad3D.cpp */; };
		197B9ED21A739B42004F9547 /* RadioButton.cpp in Sources */ = {isa = PBXBuildFile; fileRef = 197B9E921A739B42004F9547 /* RadioButton.cpp */; };
		197B9ED31A739B42004F9547 /* RangeSlider.cpp in Sources */ = {isa = PBXBuildFile; fileRef = 197B9E941A739B42004F9547 /* RangeSlider.cpp */; };
		197B9ED41A739B42004F9547 /* RotarySlider.cpp in Sources */ = {isa = PBXBuildFile; fileRef = 197B9E961A739B42004F9547 /* RotarySlider.cpp */; };
		197B9ED51A739B42004F9547 /* ScrollKit.cpp in Sources */ = {isa = PBXBuildFile; fileRef = 197B9E981A739B42004F9547 /* ScrollKit.cpp */; };
		197B9ED61A739B42004F9547 /* Slider.cpp in Sources */ = {isa = PBXBuildFile; fileRef = 197B9E9A1A739B42004F9547 /* Slider.cpp */; };
		197B9ED71A739B42004F9547 /* NativeWindow.cpp in Sources */ = {isa = PBXBuildFile; fileRef = 197B9E9F1A739B42004F9547 /* NativeWindow.cpp */; };
		BBAB23CB13894F3D00AA2426 /* GLUT.framework in CopyFiles */ = {isa = PBXBuildFile; fileRef = BBAB23BE13894E4700AA2426 /* GLUT.framework */; };
		E4328149138ABC9F0047C5CB /* openFrameworksDebug.a in Frameworks */ = {isa = PBXBuildFile; fileRef = E4328148138ABC890047C5CB /* openFrameworksDebug.a */; };
		E45BE97B0E8CC7DD009D7055 /* AGL.framework in Frameworks */ = {isa = PBXBuildFile; fileRef = E45BE9710E8CC7DD009D7055 /* AGL.framework */; };
		E45BE97C0E8CC7DD009D7055 /* ApplicationServices.framework in Frameworks */ = {isa = PBXBuildFile; fileRef = E45BE9720E8CC7DD009D7055 /* ApplicationServices.framework */; };
		E45BE97D0E8CC7DD009D7055 /* AudioToolbox.framework in Frameworks */ = {isa = PBXBuildFile; fileRef = E45BE9730E8CC7DD009D7055 /* AudioToolbox.framework */; };
		E45BE97F0E8CC7DD009D7055 /* CoreAudio.framework in Frameworks */ = {isa = PBXBuildFile; fileRef = E45BE9750E8CC7DD009D7055 /* CoreAudio.framework */; };
		E45BE9800E8CC7DD009D7055 /* CoreFoundation.framework in Frameworks */ = {isa = PBXBuildFile; fileRef = E45BE9760E8CC7DD009D7055 /* CoreFoundation.framework */; };
		E45BE9810E8CC7DD009D7055 /* CoreServices.framework in Frameworks */ = {isa = PBXBuildFile; fileRef = E45BE9770E8CC7DD009D7055 /* CoreServices.framework */; };
		E45BE9830E8CC7DD009D7055 /* OpenGL.framework in Frameworks */ = {isa = PBXBuildFile; fileRef = E45BE9790E8CC7DD009D7055 /* OpenGL.framework */; };
		E45BE9840E8CC7DD009D7055 /* QuickTime.framework in Frameworks */ = {isa = PBXBuildFile; fileRef = E45BE97A0E8CC7DD009D7055 /* QuickTime.framework */; };
		E4B69E200A3A1BDC003C02F2 /* main.cpp in Sources */ = {isa = PBXBuildFile; fileRef = E4B69E1D0A3A1BDC003C02F2 /* main.cpp */; };
		E4B69E210A3A1BDC003C02F2 /* ofApp.cpp in Sources */ = {isa = PBXBuildFile; fileRef = E4B69E1E0A3A1BDC003C02F2 /* ofApp.cpp */; };
		E4C2424710CC5A17004149E2 /* AppKit.framework in Frameworks */ = {isa = PBXBuildFile; fileRef = E4C2424410CC5A17004149E2 /* AppKit.framework */; };
		E4C2424810CC5A17004149E2 /* Cocoa.framework in Frameworks */ = {isa = PBXBuildFile; fileRef = E4C2424510CC5A17004149E2 /* Cocoa.framework */; };
		E4C2424910CC5A17004149E2 /* IOKit.framework in Frameworks */ = {isa = PBXBuildFile; fileRef = E4C2424610CC5A17004149E2 /* IOKit.framework */; };
		E4EB6799138ADC1D00A09F29 /* GLUT.framework in Frameworks */ = {isa = PBXBuildFile; fileRef = BBAB23BE13894E4700AA2426 /* GLUT.framework */; };
		E7E077E515D3B63C0020DFD4 /* CoreVideo.framework in Frameworks */ = {isa = PBXBuildFile; fileRef = E7E077E415D3B63C0020DFD4 /* CoreVideo.framework */; };
		E7E077E815D3B6510020DFD4 /* QTKit.framework in Frameworks */ = {isa = PBXBuildFile; fileRef = E7E077E715D3B6510020DFD4 /* QTKit.framework */; };
		E7F985F815E0DEA3003869B5 /* Accelerate.framework in Frameworks */ = {isa = PBXBuildFile; fileRef = E7F985F515E0DE99003869B5 /* Accelerate.framework */; };
/* End PBXBuildFile section */

/* Begin PBXContainerItemProxy section */
		E4328147138ABC890047C5CB /* PBXContainerItemProxy */ = {
			isa = PBXContainerItemProxy;
			containerPortal = E4328143138ABC890047C5CB /* openFrameworksLib.xcodeproj */;
			proxyType = 2;
			remoteGlobalIDString = E4B27C1510CBEB8E00536013;
			remoteInfo = openFrameworks;
		};
		E4EEB9AB138B136A00A80321 /* PBXContainerItemProxy */ = {
			isa = PBXContainerItemProxy;
			containerPortal = E4328143138ABC890047C5CB /* openFrameworksLib.xcodeproj */;
			proxyType = 1;
			remoteGlobalIDString = E4B27C1410CBEB8E00536013;
			remoteInfo = openFrameworks;
		};
/* End PBXContainerItemProxy section */

/* Begin PBXCopyFilesBuildPhase section */
		E4C2427710CC5ABF004149E2 /* CopyFiles */ = {
			isa = PBXCopyFilesBuildPhase;
			buildActionMask = 2147483647;
			dstPath = "";
			dstSubfolderSpec = 10;
			files = (
				BBAB23CB13894F3D00AA2426 /* GLUT.framework in CopyFiles */,
			);
			runOnlyForDeploymentPostprocessing = 0;
		};
/* End PBXCopyFilesBuildPhase section */

/* Begin PBXFileReference section */
		192704751991DA1B00E75F42 /* UIComponents.cpp */ = {isa = PBXFileReference; fileEncoding = 4; lastKnownFileType = sourcecode.cpp.cpp; path = UIComponents.cpp; sourceTree = "<group>"; };
		192704761991DA1B00E75F42 /* UIComponents.h */ = {isa = PBXFileReference; fileEncoding = 4; lastKnownFileType = sourcecode.c.h; path = UIComponents.h; sourceTree = "<group>"; };
		197B9E271A739B42004F9547 /* Object.cpp */ = {isa = PBXFileReference; fileEncoding = 4; lastKnownFileType = sourcecode.cpp.cpp; path = Object.cpp; sourceTree = "<group>"; };
		197B9E281A739B42004F9547 /* Object.h */ = {isa = PBXFileReference; fileEncoding = 4; lastKnownFileType = sourcecode.c.h; path = Object.h; sourceTree = "<group>"; };
		197B9E2A1A739B42004F9547 /* BItmap.cpp */ = {isa = PBXFileReference; fileEncoding = 4; lastKnownFileType = sourcecode.cpp.cpp; path = BItmap.cpp; sourceTree = "<group>"; };
		197B9E2B1A739B42004F9547 /* BItmap.h */ = {isa = PBXFileReference; fileEncoding = 4; lastKnownFileType = sourcecode.c.h; path = BItmap.h; sourceTree = "<group>"; };
		197B9E2C1A739B42004F9547 /* BitmapData.cpp */ = {isa = PBXFileReference; fileEncoding = 4; lastKnownFileType = sourcecode.cpp.cpp; path = BitmapData.cpp; sourceTree = "<group>"; };
		197B9E2D1A739B42004F9547 /* BitmapData.h */ = {isa = PBXFileReference; fileEncoding = 4; lastKnownFileType = sourcecode.c.h; path = BitmapData.h; sourceTree = "<group>"; };
		197B9E2E1A739B42004F9547 /* BlendMode.cpp */ = {isa = PBXFileReference; fileEncoding = 4; lastKnownFileType = sourcecode.cpp.cpp; path = BlendMode.cpp; sourceTree = "<group>"; };
		197B9E2F1A739B42004F9547 /* BlendMode.h */ = {isa = PBXFileReference; fileEncoding = 4; lastKnownFileType = sourcecode.c.h; path = BlendMode.h; sourceTree = "<group>"; };
		197B9E301A739B42004F9547 /* DisplayObject.cpp */ = {isa = PBXFileReference; fileEncoding = 4; lastKnownFileType = sourcecode.cpp.cpp; path = DisplayObject.cpp; sourceTree = "<group>"; };
		197B9E311A739B42004F9547 /* DisplayObject.h */ = {isa = PBXFileReference; fileEncoding = 4; lastKnownFileType = sourcecode.c.h; path = DisplayObject.h; sourceTree = "<group>"; };
		197B9E321A739B42004F9547 /* DisplayObjectContainer.cpp */ = {isa = PBXFileReference; fileEncoding = 4; lastKnownFileType = sourcecode.cpp.cpp; path = DisplayObjectContainer.cpp; sourceTree = "<group>"; };
		197B9E331A739B42004F9547 /* DisplayObjectContainer.h */ = {isa = PBXFileReference; fileEncoding = 4; lastKnownFileType = sourcecode.c.h; path = DisplayObjectContainer.h; sourceTree = "<group>"; };
		197B9E341A739B42004F9547 /* Graphics.cpp */ = {isa = PBXFileReference; fileEncoding = 4; lastKnownFileType = sourcecode.cpp.cpp; path = Graphics.cpp; sourceTree = "<group>"; };
		197B9E351A739B42004F9547 /* Graphics.h */ = {isa = PBXFileReference; fileEncoding = 4; lastKnownFileType = sourcecode.c.h; path = Graphics.h; sourceTree = "<group>"; };
		197B9E361A739B42004F9547 /* InteractiveObject.cpp */ = {isa = PBXFileReference; fileEncoding = 4; lastKnownFileType = sourcecode.cpp.cpp; path = InteractiveObject.cpp; sourceTree = "<group>"; };
		197B9E371A739B42004F9547 /* InteractiveObject.h */ = {isa = PBXFileReference; fileEncoding = 4; lastKnownFileType = sourcecode.c.h; path = InteractiveObject.h; sourceTree = "<group>"; };
		197B9E381A739B42004F9547 /* MovieClip.cpp */ = {isa = PBXFileReference; fileEncoding = 4; lastKnownFileType = sourcecode.cpp.cpp; path = MovieClip.cpp; sourceTree = "<group>"; };
		197B9E391A739B42004F9547 /* MovieClip.h */ = {isa = PBXFileReference; fileEncoding = 4; lastKnownFileType = sourcecode.c.h; path = MovieClip.h; sourceTree = "<group>"; };
		197B9E3A1A739B42004F9547 /* Shape.cpp */ = {isa = PBXFileReference; fileEncoding = 4; lastKnownFileType = sourcecode.cpp.cpp; path = Shape.cpp; sourceTree = "<group>"; };
		197B9E3B1A739B42004F9547 /* Shape.h */ = {isa = PBXFileReference; fileEncoding = 4; lastKnownFileType = sourcecode.c.h; path = Shape.h; sourceTree = "<group>"; };
		197B9E3C1A739B42004F9547 /* Sprite.cpp */ = {isa = PBXFileReference; fileEncoding = 4; lastKnownFileType = sourcecode.cpp.cpp; path = Sprite.cpp; sourceTree = "<group>"; };
		197B9E3D1A739B42004F9547 /* Sprite.h */ = {isa = PBXFileReference; fileEncoding = 4; lastKnownFileType = sourcecode.c.h; path = Sprite.h; sourceTree = "<group>"; };
		197B9E3E1A739B42004F9547 /* Stage.cpp */ = {isa = PBXFileReference; fileEncoding = 4; lastKnownFileType = sourcecode.cpp.cpp; path = Stage.cpp; sourceTree = "<group>"; };
		197B9E3F1A739B42004F9547 /* Stage.h */ = {isa = PBXFileReference; fileEncoding = 4; lastKnownFileType = sourcecode.c.h; path = Stage.h; sourceTree = "<group>"; };
		197B9E411A739B42004F9547 /* AnimationEvent.cpp */ = {isa = PBXFileReference; fileEncoding = 4; lastKnownFileType = sourcecode.cpp.cpp; path = AnimationEvent.cpp; sourceTree = "<group>"; };
		197B9E421A739B42004F9547 /* AnimationEvent.h */ = {isa = PBXFileReference; fileEncoding = 4; lastKnownFileType = sourcecode.c.h; path = AnimationEvent.h; sourceTree = "<group>"; };
		197B9E431A739B42004F9547 /* ColorPickerEvent.cpp */ = {isa = PBXFileReference; fileEncoding = 4; lastKnownFileType = sourcecode.cpp.cpp; path = ColorPickerEvent.cpp; sourceTree = "<group>"; };
		197B9E441A739B42004F9547 /* ColorPickerEvent.h */ = {isa = PBXFileReference; fileEncoding = 4; lastKnownFileType = sourcecode.c.h; path = ColorPickerEvent.h; sourceTree = "<group>"; };
		197B9E451A739B42004F9547 /* ColorSliderEvent.cpp */ = {isa = PBXFileReference; fileEncoding = 4; lastKnownFileType = sourcecode.cpp.cpp; path = ColorSliderEvent.cpp; sourceTree = "<group>"; };
		197B9E461A739B42004F9547 /* ColorSliderEvent.h */ = {isa = PBXFileReference; fileEncoding = 4; lastKnownFileType = sourcecode.c.h; path = ColorSliderEvent.h; sourceTree = "<group>"; };
		197B9E471A739B42004F9547 /* ComboBoxEvent.cpp */ = {isa = PBXFileReference; fileEncoding = 4; lastKnownFileType = sourcecode.cpp.cpp; path = ComboBoxEvent.cpp; sourceTree = "<group>"; };
		197B9E481A739B42004F9547 /* ComboBoxEvent.h */ = {isa = PBXFileReference; fileEncoding = 4; lastKnownFileType = sourcecode.c.h; path = ComboBoxEvent.h; sourceTree = "<group>"; };
		197B9E491A739B42004F9547 /* Event.cpp */ = {isa = PBXFileReference; fileEncoding = 4; lastKnownFileType = sourcecode.cpp.cpp; path = Event.cpp; sourceTree = "<group>"; };
		197B9E4A1A739B42004F9547 /* Event.h */ = {isa = PBXFileReference; fileEncoding = 4; lastKnownFileType = sourcecode.c.h; path = Event.h; sourceTree = "<group>"; };
		197B9E4B1A739B42004F9547 /* EventDispatcher.cpp */ = {isa = PBXFileReference; fileEncoding = 4; lastKnownFileType = sourcecode.cpp.cpp; path = EventDispatcher.cpp; sourceTree = "<group>"; };
		197B9E4C1A739B42004F9547 /* EventDispatcher.h */ = {isa = PBXFileReference; fileEncoding = 4; lastKnownFileType = sourcecode.c.h; path = EventDispatcher.h; sourceTree = "<group>"; };
		197B9E4D1A739B42004F9547 /* EventHandler.h */ = {isa = PBXFileReference; fileEncoding = 4; lastKnownFileType = sourcecode.c.h; path = EventHandler.h; sourceTree = "<group>"; };
		197B9E4E1A739B42004F9547 /* FocusEvent.cpp */ = {isa = PBXFileReference; fileEncoding = 4; lastKnownFileType = sourcecode.cpp.cpp; path = FocusEvent.cpp; sourceTree = "<group>"; };
		197B9E4F1A739B42004F9547 /* FocusEvent.h */ = {isa = PBXFileReference; fileEncoding = 4; lastKnownFileType = sourcecode.c.h; path = FocusEvent.h; sourceTree = "<group>"; };
		197B9E501A739B42004F9547 /* JoystickEvent.cpp */ = {isa = PBXFileReference; fileEncoding = 4; lastKnownFileType = sourcecode.cpp.cpp; path = JoystickEvent.cpp; sourceTree = "<group>"; };
		197B9E511A739B42004F9547 /* JoystickEvent.h */ = {isa = PBXFileReference; fileEncoding = 4; lastKnownFileType = sourcecode.c.h; path = JoystickEvent.h; sourceTree = "<group>"; };
		197B9E521A739B42004F9547 /* KeyboardEvent.cpp */ = {isa = PBXFileReference; fileEncoding = 4; lastKnownFileType = sourcecode.cpp.cpp; path = KeyboardEvent.cpp; sourceTree = "<group>"; };
		197B9E531A739B42004F9547 /* KeyboardEvent.h */ = {isa = PBXFileReference; fileEncoding = 4; lastKnownFileType = sourcecode.c.h; path = KeyboardEvent.h; sourceTree = "<group>"; };
		197B9E541A739B42004F9547 /* MouseEvent.cpp */ = {isa = PBXFileReference; fileEncoding = 4; lastKnownFileType = sourcecode.cpp.cpp; path = MouseEvent.cpp; sourceTree = "<group>"; };
		197B9E551A739B42004F9547 /* MouseEvent.h */ = {isa = PBXFileReference; fileEncoding = 4; lastKnownFileType = sourcecode.c.h; path = MouseEvent.h; sourceTree = "<group>"; };
		197B9E561A739B42004F9547 /* NumberDialerEvent.cpp */ = {isa = PBXFileReference; fileEncoding = 4; lastKnownFileType = sourcecode.cpp.cpp; path = NumberDialerEvent.cpp; sourceTree = "<group>"; };
		197B9E571A739B42004F9547 /* NumberDialerEvent.h */ = {isa = PBXFileReference; fileEncoding = 4; lastKnownFileType = sourcecode.c.h; path = NumberDialerEvent.h; sourceTree = "<group>"; };
		197B9E581A739B42004F9547 /* PadEvent.cpp */ = {isa = PBXFileReference; fileEncoding = 4; lastKnownFileType = sourcecode.cpp.cpp; path = PadEvent.cpp; sourceTree = "<group>"; };
		197B9E591A739B42004F9547 /* PadEvent.h */ = {isa = PBXFileReference; fileEncoding = 4; lastKnownFileType = sourcecode.c.h; path = PadEvent.h; sourceTree = "<group>"; };
		197B9E5A1A739B42004F9547 /* RadioButtonEvent.cpp */ = {isa = PBXFileReference; fileEncoding = 4; lastKnownFileType = sourcecode.cpp.cpp; path = RadioButtonEvent.cpp; sourceTree = "<group>"; };
		197B9E5B1A739B42004F9547 /* RadioButtonEvent.h */ = {isa = PBXFileReference; fileEncoding = 4; lastKnownFileType = sourcecode.c.h; path = RadioButtonEvent.h; sourceTree = "<group>"; };
		197B9E5C1A739B42004F9547 /* RangeSliderEvent.cpp */ = {isa = PBXFileReference; fileEncoding = 4; lastKnownFileType = sourcecode.cpp.cpp; path = RangeSliderEvent.cpp; sourceTree = "<group>"; };
		197B9E5D1A739B42004F9547 /* RangeSliderEvent.h */ = {isa = PBXFileReference; fileEncoding = 4; lastKnownFileType = sourcecode.c.h; path = RangeSliderEvent.h; sourceTree = "<group>"; };
		197B9E5E1A739B42004F9547 /* SliderEvent.cpp */ = {isa = PBXFileReference; fileEncoding = 4; lastKnownFileType = sourcecode.cpp.cpp; path = SliderEvent.cpp; sourceTree = "<group>"; };
		197B9E5F1A739B42004F9547 /* SliderEvent.h */ = {isa = PBXFileReference; fileEncoding = 4; lastKnownFileType = sourcecode.c.h; path = SliderEvent.h; sourceTree = "<group>"; };
		197B9E601A739B42004F9547 /* SoundEvent.cpp */ = {isa = PBXFileReference; fileEncoding = 4; lastKnownFileType = sourcecode.cpp.cpp; path = SoundEvent.cpp; sourceTree = "<group>"; };
		197B9E611A739B42004F9547 /* SoundEvent.h */ = {isa = PBXFileReference; fileEncoding = 4; lastKnownFileType = sourcecode.c.h; path = SoundEvent.h; sourceTree = "<group>"; };
		197B9E631A739B42004F9547 /* Flash2D.cpp */ = {isa = PBXFileReference; fileEncoding = 4; lastKnownFileType = sourcecode.cpp.cpp; path = Flash2D.cpp; sourceTree = "<group>"; };
		197B9E641A739B42004F9547 /* Flash2D.h */ = {isa = PBXFileReference; fileEncoding = 4; lastKnownFileType = sourcecode.c.h; path = Flash2D.h; sourceTree = "<group>"; };
		197B9E651A739B42004F9547 /* FlashConfig.cpp */ = {isa = PBXFileReference; fileEncoding = 4; lastKnownFileType = sourcecode.cpp.cpp; path = FlashConfig.cpp; sourceTree = "<group>"; };
		197B9E661A739B42004F9547 /* FlashConfig.h */ = {isa = PBXFileReference; fileEncoding = 4; lastKnownFileType = sourcecode.c.h; path = FlashConfig.h; sourceTree = "<group>"; };
		197B9E681A739B42004F9547 /* ColorTransform.cpp */ = {isa = PBXFileReference; fileEncoding = 4; lastKnownFileType = sourcecode.cpp.cpp; path = ColorTransform.cpp; sourceTree = "<group>"; };
		197B9E691A739B42004F9547 /* ColorTransform.h */ = {isa = PBXFileReference; fileEncoding = 4; lastKnownFileType = sourcecode.c.h; path = ColorTransform.h; sourceTree = "<group>"; };
		197B9E6A1A739B42004F9547 /* Matrix.cpp */ = {isa = PBXFileReference; fileEncoding = 4; lastKnownFileType = sourcecode.cpp.cpp; path = Matrix.cpp; sourceTree = "<group>"; };
		197B9E6B1A739B42004F9547 /* Matrix.h */ = {isa = PBXFileReference; fileEncoding = 4; lastKnownFileType = sourcecode.c.h; path = Matrix.h; sourceTree = "<group>"; };
		197B9E6C1A739B42004F9547 /* Particle2D.cpp */ = {isa = PBXFileReference; fileEncoding = 4; lastKnownFileType = sourcecode.cpp.cpp; path = Particle2D.cpp; sourceTree = "<group>"; };
		197B9E6D1A739B42004F9547 /* Particle2D.h */ = {isa = PBXFileReference; fileEncoding = 4; lastKnownFileType = sourcecode.c.h; path = Particle2D.h; sourceTree = "<group>"; };
		197B9E6E1A739B42004F9547 /* Rectangle.cpp */ = {isa = PBXFileReference; fileEncoding = 4; lastKnownFileType = sourcecode.cpp.cpp; path = Rectangle.cpp; sourceTree = "<group>"; };
		197B9E6F1A739B42004F9547 /* Rectangle.h */ = {isa = PBXFileReference; fileEncoding = 4; lastKnownFileType = sourcecode.c.h; path = Rectangle.h; sourceTree = "<group>"; };
		197B9E701A739B42004F9547 /* Transform.cpp */ = {isa = PBXFileReference; fileEncoding = 4; lastKnownFileType = sourcecode.cpp.cpp; path = Transform.cpp; sourceTree = "<group>"; };
		197B9E711A739B42004F9547 /* Transform.h */ = {isa = PBXFileReference; fileEncoding = 4; lastKnownFileType = sourcecode.c.h; path = Transform.h; sourceTree = "<group>"; };
		197B9E751A739B42004F9547 /* Loader.h */ = {isa = PBXFileReference; fileEncoding = 4; lastKnownFileType = sourcecode.c.h; path = Loader.h; sourceTree = "<group>"; };
		197B9E771A739B42004F9547 /* Font.cpp */ = {isa = PBXFileReference; fileEncoding = 4; lastKnownFileType = sourcecode.cpp.cpp; path = Font.cpp; sourceTree = "<group>"; };
		197B9E781A739B42004F9547 /* Font.h */ = {isa = PBXFileReference; fileEncoding = 4; lastKnownFileType = sourcecode.c.h; path = Font.h; sourceTree = "<group>"; };
		197B9E791A739B42004F9547 /* TextField.cpp */ = {isa = PBXFileReference; fileEncoding = 4; lastKnownFileType = sourcecode.cpp.cpp; path = TextField.cpp; sourceTree = "<group>"; };
		197B9E7A1A739B42004F9547 /* TextField.h */ = {isa = PBXFileReference; fileEncoding = 4; lastKnownFileType = sourcecode.c.h; path = TextField.h; sourceTree = "<group>"; };
		197B9E7B1A739B42004F9547 /* TextFieldAutoSize.cpp */ = {isa = PBXFileReference; fileEncoding = 4; lastKnownFileType = sourcecode.cpp.cpp; path = TextFieldAutoSize.cpp; sourceTree = "<group>"; };
		197B9E7C1A739B42004F9547 /* TextFieldAutoSize.h */ = {isa = PBXFileReference; fileEncoding = 4; lastKnownFileType = sourcecode.c.h; path = TextFieldAutoSize.h; sourceTree = "<group>"; };
		197B9E7E1A739B42004F9547 /* Button.cpp */ = {isa = PBXFileReference; fileEncoding = 4; lastKnownFileType = sourcecode.cpp.cpp; path = Button.cpp; sourceTree = "<group>"; };
		197B9E7F1A739B42004F9547 /* Button.h */ = {isa = PBXFileReference; fileEncoding = 4; lastKnownFileType = sourcecode.c.h; path = Button.h; sourceTree = "<group>"; };
		197B9E801A739B42004F9547 /* CircleColorPicker.cpp */ = {isa = PBXFileReference; fileEncoding = 4; lastKnownFileType = sourcecode.cpp.cpp; path = CircleColorPicker.cpp; sourceTree = "<group>"; };
		197B9E811A739B42004F9547 /* CircleColorPicker.h */ = {isa = PBXFileReference; fileEncoding = 4; lastKnownFileType = sourcecode.c.h; path = CircleColorPicker.h; sourceTree = "<group>"; };
		197B9E821A739B42004F9547 /* ColorSlider.cpp */ = {isa = PBXFileReference; fileEncoding = 4; lastKnownFileType = sourcecode.cpp.cpp; path = ColorSlider.cpp; sourceTree = "<group>"; };
		197B9E831A739B42004F9547 /* ColorSlider.h */ = {isa = PBXFileReference; fileEncoding = 4; lastKnownFileType = sourcecode.c.h; path = ColorSlider.h; sourceTree = "<group>"; };
		197B9E841A739B42004F9547 /* ComboBox.cpp */ = {isa = PBXFileReference; fileEncoding = 4; lastKnownFileType = sourcecode.cpp.cpp; path = ComboBox.cpp; sourceTree = "<group>"; };
		197B9E851A739B42004F9547 /* ComboBox.h */ = {isa = PBXFileReference; fileEncoding = 4; lastKnownFileType = sourcecode.c.h; path = ComboBox.h; sourceTree = "<group>"; };
		197B9E861A739B42004F9547 /* Joystick.cpp */ = {isa = PBXFileReference; fileEncoding = 4; lastKnownFileType = sourcecode.cpp.cpp; path = Joystick.cpp; sourceTree = "<group>"; };
		197B9E871A739B42004F9547 /* Joystick.h */ = {isa = PBXFileReference; fileEncoding = 4; lastKnownFileType = sourcecode.c.h; path = Joystick.h; sourceTree = "<group>"; };
		197B9E881A739B42004F9547 /* Keyboard.cpp */ = {isa = PBXFileReference; fileEncoding = 4; lastKnownFileType = sourcecode.cpp.cpp; path = Keyboard.cpp; sourceTree = "<group>"; };
		197B9E891A739B42004F9547 /* Keyboard.h */ = {isa = PBXFileReference; fileEncoding = 4; lastKnownFileType = sourcecode.c.h; path = Keyboard.h; sourceTree = "<group>"; };
		197B9E8A1A739B42004F9547 /* Mouse.cpp */ = {isa = PBXFileReference; explicitFileType = sourcecode.cpp.objcpp; fileEncoding = 4; path = Mouse.cpp; sourceTree = "<group>"; };
		197B9E8B1A739B42004F9547 /* Mouse.h */ = {isa = PBXFileReference; fileEncoding = 4; lastKnownFileType = sourcecode.c.h; path = Mouse.h; sourceTree = "<group>"; };
		197B9E8C1A739B42004F9547 /* NumberDialer.cpp */ = {isa = PBXFileReference; fileEncoding = 4; lastKnownFileType = sourcecode.cpp.cpp; path = NumberDialer.cpp; sourceTree = "<group>"; };
		197B9E8D1A739B42004F9547 /* NumberDialer.h */ = {isa = PBXFileReference; fileEncoding = 4; lastKnownFileType = sourcecode.c.h; path = NumberDialer.h; sourceTree = "<group>"; };
		197B9E8E1A739B42004F9547 /* Pad2D.cpp */ = {isa = PBXFileReference; fileEncoding = 4; lastKnownFileType = sourcecode.cpp.cpp; path = Pad2D.cpp; sourceTree = "<group>"; };
		197B9E8F1A739B42004F9547 /* Pad2D.h */ = {isa = PBXFileReference; fileEncoding = 4; lastKnownFileType = sourcecode.c.h; path = Pad2D.h; sourceTree = "<group>"; };
		197B9E901A739B42004F9547 /* Pad3D.cpp */ = {isa = PBXFileReference; fileEncoding = 4; lastKnownFileType = sourcecode.cpp.cpp; path = Pad3D.cpp; sourceTree = "<group>"; };
		197B9E911A739B42004F9547 /* Pad3D.h */ = {isa = PBXFileReference; fileEncoding = 4; lastKnownFileType = sourcecode.c.h; path = Pad3D.h; sourceTree = "<group>"; };
		197B9E921A739B42004F9547 /* RadioButton.cpp */ = {isa = PBXFileReference; fileEncoding = 4; lastKnownFileType = sourcecode.cpp.cpp; path = RadioButton.cpp; sourceTree = "<group>"; };
		197B9E931A739B42004F9547 /* RadioButton.h */ = {isa = PBXFileReference; fileEncoding = 4; lastKnownFileType = sourcecode.c.h; path = RadioButton.h; sourceTree = "<group>"; };
		197B9E941A739B42004F9547 /* RangeSlider.cpp */ = {isa = PBXFileReference; fileEncoding = 4; lastKnownFileType = sourcecode.cpp.cpp; path = RangeSlider.cpp; sourceTree = "<group>"; };
		197B9E951A739B42004F9547 /* RangeSlider.h */ = {isa = PBXFileReference; fileEncoding = 4; lastKnownFileType = sourcecode.c.h; path = RangeSlider.h; sourceTree = "<group>"; };
		197B9E961A739B42004F9547 /* RotarySlider.cpp */ = {isa = PBXFileReference; fileEncoding = 4; lastKnownFileType = sourcecode.cpp.cpp; path = RotarySlider.cpp; sourceTree = "<group>"; };
		197B9E971A739B42004F9547 /* RotarySlider.h */ = {isa = PBXFileReference; fileEncoding = 4; lastKnownFileType = sourcecode.c.h; path = RotarySlider.h; sourceTree = "<group>"; };
		197B9E981A739B42004F9547 /* ScrollKit.cpp */ = {isa = PBXFileReference; fileEncoding = 4; lastKnownFileType = sourcecode.cpp.cpp; path = ScrollKit.cpp; sourceTree = "<group>"; };
		197B9E991A739B42004F9547 /* ScrollKit.h */ = {isa = PBXFileReference; fileEncoding = 4; lastKnownFileType = sourcecode.c.h; path = ScrollKit.h; sourceTree = "<group>"; };
		197B9E9A1A739B42004F9547 /* Slider.cpp */ = {isa = PBXFileReference; fileEncoding = 4; lastKnownFileType = sourcecode.cpp.cpp; path = Slider.cpp; sourceTree = "<group>"; };
		197B9E9B1A739B42004F9547 /* Slider.h */ = {isa = PBXFileReference; fileEncoding = 4; lastKnownFileType = sourcecode.c.h; path = Slider.h; sourceTree = "<group>"; };
		197B9E9C1A739B42004F9547 /* ofxSelflash.h */ = {isa = PBXFileReference; fileEncoding = 4; lastKnownFileType = sourcecode.c.h; path = ofxSelflash.h; sourceTree = "<group>"; };
		197B9E9E1A739B42004F9547 /* MathUtil.h */ = {isa = PBXFileReference; fileEncoding = 4; lastKnownFileType = sourcecode.c.h; path = MathUtil.h; sourceTree = "<group>"; };
		197B9E9F1A739B42004F9547 /* NativeWindow.cpp */ = {isa = PBXFileReference; explicitFileType = sourcecode.cpp.objcpp; fileEncoding = 4; path = NativeWindow.cpp; sourceTree = "<group>"; };
		197B9EA01A739B42004F9547 /* NativeWindow.h */ = {isa = PBXFileReference; fileEncoding = 4; lastKnownFileType = sourcecode.c.h; path = NativeWindow.h; sourceTree = "<group>"; };
		197B9EA11A739B42004F9547 /* StringUtil.h */ = {isa = PBXFileReference; fileEncoding = 4; lastKnownFileType = sourcecode.c.h; path = StringUtil.h; sourceTree = "<group>"; };
		BBAB23BE13894E4700AA2426 /* GLUT.framework */ = {isa = PBXFileReference; lastKnownFileType = wrapper.framework; name = GLUT.framework; path = ../../../libs/glut/lib/osx/GLUT.framework; sourceTree = "<group>"; };
		E4328143138ABC890047C5CB /* openFrameworksLib.xcodeproj */ = {isa = PBXFileReference; lastKnownFileType = "wrapper.pb-project"; name = openFrameworksLib.xcodeproj; path = ../../../libs/openFrameworksCompiled/project/osx/openFrameworksLib.xcodeproj; sourceTree = SOURCE_ROOT; };
		E45BE9710E8CC7DD009D7055 /* AGL.framework */ = {isa = PBXFileReference; lastKnownFileType = wrapper.framework; name = AGL.framework; path = /System/Library/Frameworks/AGL.framework; sourceTree = "<absolute>"; };
		E45BE9720E8CC7DD009D7055 /* ApplicationServices.framework */ = {isa = PBXFileReference; lastKnownFileType = wrapper.framework; name = ApplicationServices.framework; path = /System/Library/Frameworks/ApplicationServices.framework; sourceTree = "<absolute>"; };
		E45BE9730E8CC7DD009D7055 /* AudioToolbox.framework */ = {isa = PBXFileReference; lastKnownFileType = wrapper.framework; name = AudioToolbox.framework; path = /System/Library/Frameworks/AudioToolbox.framework; sourceTree = "<absolute>"; };
		E45BE9750E8CC7DD009D7055 /* CoreAudio.framework */ = {isa = PBXFileReference; lastKnownFileType = wrapper.framework; name = CoreAudio.framework; path = /System/Library/Frameworks/CoreAudio.framework; sourceTree = "<absolute>"; };
		E45BE9760E8CC7DD009D7055 /* CoreFoundation.framework */ = {isa = PBXFileReference; lastKnownFileType = wrapper.framework; name = CoreFoundation.framework; path = /System/Library/Frameworks/CoreFoundation.framework; sourceTree = "<absolute>"; };
		E45BE9770E8CC7DD009D7055 /* CoreServices.framework */ = {isa = PBXFileReference; lastKnownFileType = wrapper.framework; name = CoreServices.framework; path = /System/Library/Frameworks/CoreServices.framework; sourceTree = "<absolute>"; };
		E45BE9790E8CC7DD009D7055 /* OpenGL.framework */ = {isa = PBXFileReference; lastKnownFileType = wrapper.framework; name = OpenGL.framework; path = /System/Library/Frameworks/OpenGL.framework; sourceTree = "<absolute>"; };
		E45BE97A0E8CC7DD009D7055 /* QuickTime.framework */ = {isa = PBXFileReference; lastKnownFileType = wrapper.framework; name = QuickTime.framework; path = /System/Library/Frameworks/QuickTime.framework; sourceTree = "<absolute>"; };
		E4B69B5B0A3A1756003C02F2 /* ofAppDebug.app */ = {isa = PBXFileReference; explicitFileType = wrapper.application; includeInIndex = 0; path = ofAppDebug.app; sourceTree = BUILT_PRODUCTS_DIR; };
		E4B69E1D0A3A1BDC003C02F2 /* main.cpp */ = {isa = PBXFileReference; fileEncoding = 30; lastKnownFileType = sourcecode.cpp.cpp; name = main.cpp; path = src/main.cpp; sourceTree = SOURCE_ROOT; };
		E4B69E1E0A3A1BDC003C02F2 /* ofApp.cpp */ = {isa = PBXFileReference; explicitFileType = sourcecode.cpp.cpp; fileEncoding = 4; name = ofApp.cpp; path = src/ofApp.cpp; sourceTree = SOURCE_ROOT; };
		E4B69E1F0A3A1BDC003C02F2 /* ofApp.h */ = {isa = PBXFileReference; fileEncoding = 30; lastKnownFileType = sourcecode.c.h; name = ofApp.h; path = src/ofApp.h; sourceTree = SOURCE_ROOT; };
		E4B6FCAD0C3E899E008CF71C /* openFrameworks-Info.plist */ = {isa = PBXFileReference; fileEncoding = 30; lastKnownFileType = text.plist.xml; path = "openFrameworks-Info.plist"; sourceTree = "<group>"; };
		E4C2424410CC5A17004149E2 /* AppKit.framework */ = {isa = PBXFileReference; lastKnownFileType = wrapper.framework; name = AppKit.framework; path = /System/Library/Frameworks/AppKit.framework; sourceTree = "<absolute>"; };
		E4C2424510CC5A17004149E2 /* Cocoa.framework */ = {isa = PBXFileReference; lastKnownFileType = wrapper.framework; name = Cocoa.framework; path = /System/Library/Frameworks/Cocoa.framework; sourceTree = "<absolute>"; };
		E4C2424610CC5A17004149E2 /* IOKit.framework */ = {isa = PBXFileReference; lastKnownFileType = wrapper.framework; name = IOKit.framework; path = /System/Library/Frameworks/IOKit.framework; sourceTree = "<absolute>"; };
		E4EB691F138AFCF100A09F29 /* CoreOF.xcconfig */ = {isa = PBXFileReference; fileEncoding = 4; lastKnownFileType = text.xcconfig; name = CoreOF.xcconfig; path = ../../../libs/openFrameworksCompiled/project/osx/CoreOF.xcconfig; sourceTree = SOURCE_ROOT; };
		E4EB6923138AFD0F00A09F29 /* Project.xcconfig */ = {isa = PBXFileReference; fileEncoding = 4; lastKnownFileType = text.xcconfig; path = Project.xcconfig; sourceTree = "<group>"; };
		E7E077E415D3B63C0020DFD4 /* CoreVideo.framework */ = {isa = PBXFileReference; lastKnownFileType = wrapper.framework; name = CoreVideo.framework; path = /System/Library/Frameworks/CoreVideo.framework; sourceTree = "<absolute>"; };
		E7E077E715D3B6510020DFD4 /* QTKit.framework */ = {isa = PBXFileReference; lastKnownFileType = wrapper.framework; name = QTKit.framework; path = /System/Library/Frameworks/QTKit.framework; sourceTree = "<absolute>"; };
		E7F985F515E0DE99003869B5 /* Accelerate.framework */ = {isa = PBXFileReference; lastKnownFileType = wrapper.framework; name = Accelerate.framework; path = /System/Library/Frameworks/Accelerate.framework; sourceTree = "<absolute>"; };
/* End PBXFileReference section */

/* Begin PBXFrameworksBuildPhase section */
		E4B69B590A3A1756003C02F2 /* Frameworks */ = {
			isa = PBXFrameworksBuildPhase;
			buildActionMask = 2147483647;
			files = (
				E7F985F815E0DEA3003869B5 /* Accelerate.framework in Frameworks */,
				E7E077E815D3B6510020DFD4 /* QTKit.framework in Frameworks */,
				E4EB6799138ADC1D00A09F29 /* GLUT.framework in Frameworks */,
				E4328149138ABC9F0047C5CB /* openFrameworksDebug.a in Frameworks */,
				E45BE97B0E8CC7DD009D7055 /* AGL.framework in Frameworks */,
				E45BE97C0E8CC7DD009D7055 /* ApplicationServices.framework in Frameworks */,
				E45BE97D0E8CC7DD009D7055 /* AudioToolbox.framework in Frameworks */,
				E45BE97F0E8CC7DD009D7055 /* CoreAudio.framework in Frameworks */,
				E45BE9800E8CC7DD009D7055 /* CoreFoundation.framework in Frameworks */,
				E45BE9810E8CC7DD009D7055 /* CoreServices.framework in Frameworks */,
				E45BE9830E8CC7DD009D7055 /* OpenGL.framework in Frameworks */,
				E45BE9840E8CC7DD009D7055 /* QuickTime.framework in Frameworks */,
				E4C2424710CC5A17004149E2 /* AppKit.framework in Frameworks */,
				E4C2424810CC5A17004149E2 /* Cocoa.framework in Frameworks */,
				E4C2424910CC5A17004149E2 /* IOKit.framework in Frameworks */,
				E7E077E515D3B63C0020DFD4 /* CoreVideo.framework in Frameworks */,
			);
			runOnlyForDeploymentPostprocessing = 0;
		};
/* End PBXFrameworksBuildPhase section */

/* Begin PBXGroup section */
		197B9E241A739B42004F9547 /* src */ = {
			isa = PBXGroup;
			children = (
				197B9E251A739B42004F9547 /* fl2d */,
				197B9E9C1A739B42004F9547 /* ofxSelflash.h */,
				197B9E9D1A739B42004F9547 /* utils */,
			);
			name = src;
			path = ../src;
			sourceTree = "<group>";
		};
		197B9E251A739B42004F9547 /* fl2d */ = {
			isa = PBXGroup;
			children = (
				197B9E261A739B42004F9547 /* core */,
				197B9E291A739B42004F9547 /* display */,
				197B9E401A739B42004F9547 /* events */,
				197B9E621A739B42004F9547 /* filters */,
				197B9E631A739B42004F9547 /* Flash2D.cpp */,
				197B9E641A739B42004F9547 /* Flash2D.h */,
				197B9E651A739B42004F9547 /* FlashConfig.cpp */,
				197B9E661A739B42004F9547 /* FlashConfig.h */,
				197B9E671A739B42004F9547 /* geom */,
				197B9E721A739B42004F9547 /* gl */,
				197B9E731A739B42004F9547 /* media */,
				197B9E741A739B42004F9547 /* net */,
				197B9E761A739B42004F9547 /* texts */,
				197B9E7D1A739B42004F9547 /* ui */,
			);
			path = fl2d;
			sourceTree = "<group>";
		};
		197B9E261A739B42004F9547 /* core */ = {
			isa = PBXGroup;
			children = (
				197B9E271A739B42004F9547 /* Object.cpp */,
				197B9E281A739B42004F9547 /* Object.h */,
			);
			path = core;
			sourceTree = "<group>";
		};
		197B9E291A739B42004F9547 /* display */ = {
			isa = PBXGroup;
			children = (
				197B9E2A1A739B42004F9547 /* BItmap.cpp */,
				197B9E2B1A739B42004F9547 /* BItmap.h */,
				197B9E2C1A739B42004F9547 /* BitmapData.cpp */,
				197B9E2D1A739B42004F9547 /* BitmapData.h */,
				197B9E2E1A739B42004F9547 /* BlendMode.cpp */,
				197B9E2F1A739B42004F9547 /* BlendMode.h */,
				197B9E301A739B42004F9547 /* DisplayObject.cpp */,
				197B9E311A739B42004F9547 /* DisplayObject.h */,
				197B9E321A739B42004F9547 /* DisplayObjectContainer.cpp */,
				197B9E331A739B42004F9547 /* DisplayObjectContainer.h */,
				197B9E341A739B42004F9547 /* Graphics.cpp */,
				197B9E351A739B42004F9547 /* Graphics.h */,
				197B9E361A739B42004F9547 /* InteractiveObject.cpp */,
				197B9E371A739B42004F9547 /* InteractiveObject.h */,
				197B9E381A739B42004F9547 /* MovieClip.cpp */,
				197B9E391A739B42004F9547 /* MovieClip.h */,
				197B9E3A1A739B42004F9547 /* Shape.cpp */,
				197B9E3B1A739B42004F9547 /* Shape.h */,
				197B9E3C1A739B42004F9547 /* Sprite.cpp */,
				197B9E3D1A739B42004F9547 /* Sprite.h */,
				197B9E3E1A739B42004F9547 /* Stage.cpp */,
				197B9E3F1A739B42004F9547 /* Stage.h */,
			);
			path = display;
			sourceTree = "<group>";
		};
		197B9E401A739B42004F9547 /* events */ = {
			isa = PBXGroup;
			children = (
				197B9E411A739B42004F9547 /* AnimationEvent.cpp */,
				197B9E421A739B42004F9547 /* AnimationEvent.h */,
				197B9E431A739B42004F9547 /* ColorPickerEvent.cpp */,
				197B9E441A739B42004F9547 /* ColorPickerEvent.h */,
				197B9E451A739B42004F9547 /* ColorSliderEvent.cpp */,
				197B9E461A739B42004F9547 /* ColorSliderEvent.h */,
				197B9E471A739B42004F9547 /* ComboBoxEvent.cpp */,
				197B9E481A739B42004F9547 /* ComboBoxEvent.h */,
				197B9E491A739B42004F9547 /* Event.cpp */,
				197B9E4A1A739B42004F9547 /* Event.h */,
				197B9E4B1A739B42004F9547 /* EventDispatcher.cpp */,
				197B9E4C1A739B42004F9547 /* EventDispatcher.h */,
				197B9E4D1A739B42004F9547 /* EventHandler.h */,
				197B9E4E1A739B42004F9547 /* FocusEvent.cpp */,
				197B9E4F1A739B42004F9547 /* FocusEvent.h */,
				197B9E501A739B42004F9547 /* JoystickEvent.cpp */,
				197B9E511A739B42004F9547 /* JoystickEvent.h */,
				197B9E521A739B42004F9547 /* KeyboardEvent.cpp */,
				197B9E531A739B42004F9547 /* KeyboardEvent.h */,
				197B9E541A739B42004F9547 /* MouseEvent.cpp */,
				197B9E551A739B42004F9547 /* MouseEvent.h */,
				197B9E561A739B42004F9547 /* NumberDialerEvent.cpp */,
				197B9E571A739B42004F9547 /* NumberDialerEvent.h */,
				197B9E581A739B42004F9547 /* PadEvent.cpp */,
				197B9E591A739B42004F9547 /* PadEvent.h */,
				197B9E5A1A739B42004F9547 /* RadioButtonEvent.cpp */,
				197B9E5B1A739B42004F9547 /* RadioButtonEvent.h */,
				197B9E5C1A739B42004F9547 /* RangeSliderEvent.cpp */,
				197B9E5D1A739B42004F9547 /* RangeSliderEvent.h */,
				197B9E5E1A739B42004F9547 /* SliderEvent.cpp */,
				197B9E5F1A739B42004F9547 /* SliderEvent.h */,
				197B9E601A739B42004F9547 /* SoundEvent.cpp */,
				197B9E611A739B42004F9547 /* SoundEvent.h */,
			);
			path = events;
			sourceTree = "<group>";
		};
		197B9E621A739B42004F9547 /* filters */ = {
			isa = PBXGroup;
			children = (
			);
			path = filters;
			sourceTree = "<group>";
		};
		197B9E671A739B42004F9547 /* geom */ = {
			isa = PBXGroup;
			children = (
				197B9E681A739B42004F9547 /* ColorTransform.cpp */,
				197B9E691A739B42004F9547 /* ColorTransform.h */,
				197B9E6A1A739B42004F9547 /* Matrix.cpp */,
				197B9E6B1A739B42004F9547 /* Matrix.h */,
				197B9E6C1A739B42004F9547 /* Particle2D.cpp */,
				197B9E6D1A739B42004F9547 /* Particle2D.h */,
				197B9E6E1A739B42004F9547 /* Rectangle.cpp */,
				197B9E6F1A739B42004F9547 /* Rectangle.h */,
				197B9E701A739B42004F9547 /* Transform.cpp */,
				197B9E711A739B42004F9547 /* Transform.h */,
			);
			path = geom;
			sourceTree = "<group>";
		};
		197B9E721A739B42004F9547 /* gl */ = {
			isa = PBXGroup;
			children = (
			);
			path = gl;
			sourceTree = "<group>";
		};
		197B9E731A739B42004F9547 /* media */ = {
			isa = PBXGroup;
			children = (
			);
			path = media;
			sourceTree = "<group>";
		};
		197B9E741A739B42004F9547 /* net */ = {
			isa = PBXGroup;
			children = (
				197B9E751A739B42004F9547 /* Loader.h */,
			);
			path = net;
			sourceTree = "<group>";
		};
		197B9E761A739B42004F9547 /* texts */ = {
			isa = PBXGroup;
			children = (
				197B9E771A739B42004F9547 /* Font.cpp */,
				197B9E781A739B42004F9547 /* Font.h */,
				197B9E791A739B42004F9547 /* TextField.cpp */,
				197B9E7A1A739B42004F9547 /* TextField.h */,
				197B9E7B1A739B42004F9547 /* TextFieldAutoSize.cpp */,
				197B9E7C1A739B42004F9547 /* TextFieldAutoSize.h */,
			);
			path = texts;
			sourceTree = "<group>";
		};
		197B9E7D1A739B42004F9547 /* ui */ = {
			isa = PBXGroup;
			children = (
				197B9E7E1A739B42004F9547 /* Button.cpp */,
				197B9E7F1A739B42004F9547 /* Button.h */,
				197B9E801A739B42004F9547 /* CircleColorPicker.cpp */,
				197B9E811A739B42004F9547 /* CircleColorPicker.h */,
				197B9E821A739B42004F9547 /* ColorSlider.cpp */,
				197B9E831A739B42004F9547 /* ColorSlider.h */,
				197B9E841A739B42004F9547 /* ComboBox.cpp */,
				197B9E851A739B42004F9547 /* ComboBox.h */,
				197B9E861A739B42004F9547 /* Joystick.cpp */,
				197B9E871A739B42004F9547 /* Joystick.h */,
				197B9E881A739B42004F9547 /* Keyboard.cpp */,
				197B9E891A739B42004F9547 /* Keyboard.h */,
				197B9E8A1A739B42004F9547 /* Mouse.cpp */,
				197B9E8B1A739B42004F9547 /* Mouse.h */,
				197B9E8C1A739B42004F9547 /* NumberDialer.cpp */,
				197B9E8D1A739B42004F9547 /* NumberDialer.h */,
				197B9E8E1A739B42004F9547 /* Pad2D.cpp */,
				197B9E8F1A739B42004F9547 /* Pad2D.h */,
				197B9E901A739B42004F9547 /* Pad3D.cpp */,
				197B9E911A739B42004F9547 /* Pad3D.h */,
				197B9E921A739B42004F9547 /* RadioButton.cpp */,
				197B9E931A739B42004F9547 /* RadioButton.h */,
				197B9E941A739B42004F9547 /* RangeSlider.cpp */,
				197B9E951A739B42004F9547 /* RangeSlider.h */,
				197B9E961A739B42004F9547 /* RotarySlider.cpp */,
				197B9E971A739B42004F9547 /* RotarySlider.h */,
				197B9E981A739B42004F9547 /* ScrollKit.cpp */,
				197B9E991A739B42004F9547 /* ScrollKit.h */,
				197B9E9A1A739B42004F9547 /* Slider.cpp */,
				197B9E9B1A739B42004F9547 /* Slider.h */,
			);
			path = ui;
			sourceTree = "<group>";
		};
		197B9E9D1A739B42004F9547 /* utils */ = {
			isa = PBXGroup;
			children = (
				197B9E9E1A739B42004F9547 /* MathUtil.h */,
				197B9E9F1A739B42004F9547 /* NativeWindow.cpp */,
				197B9EA01A739B42004F9547 /* NativeWindow.h */,
				197B9EA11A739B42004F9547 /* StringUtil.h */,
			);
			path = utils;
			sourceTree = "<group>";
		};
		BB4B014C10F69532006C3DED /* addons */ = {
			isa = PBXGroup;
			children = (
				FDF8B764687CBF985FFF2D62 /* ofxSelflash */,
			);
			name = addons;
			sourceTree = "<group>";
		};
		BBAB23C913894ECA00AA2426 /* system frameworks */ = {
			isa = PBXGroup;
			children = (
				E7F985F515E0DE99003869B5 /* Accelerate.framework */,
				E4C2424410CC5A17004149E2 /* AppKit.framework */,
				E4C2424510CC5A17004149E2 /* Cocoa.framework */,
				E4C2424610CC5A17004149E2 /* IOKit.framework */,
				E45BE9710E8CC7DD009D7055 /* AGL.framework */,
				E45BE9720E8CC7DD009D7055 /* ApplicationServices.framework */,
				E45BE9730E8CC7DD009D7055 /* AudioToolbox.framework */,
				E45BE9750E8CC7DD009D7055 /* CoreAudio.framework */,
				E45BE9760E8CC7DD009D7055 /* CoreFoundation.framework */,
				E45BE9770E8CC7DD009D7055 /* CoreServices.framework */,
				E45BE9790E8CC7DD009D7055 /* OpenGL.framework */,
				E45BE97A0E8CC7DD009D7055 /* QuickTime.framework */,
				E7E077E415D3B63C0020DFD4 /* CoreVideo.framework */,
				E7E077E715D3B6510020DFD4 /* QTKit.framework */,
			);
			name = "system frameworks";
			sourceTree = "<group>";
		};
		BBAB23CA13894EDB00AA2426 /* 3rd party frameworks */ = {
			isa = PBXGroup;
			children = (
				BBAB23BE13894E4700AA2426 /* GLUT.framework */,
			);
			name = "3rd party frameworks";
			sourceTree = "<group>";
		};
		E4328144138ABC890047C5CB /* Products */ = {
			isa = PBXGroup;
			children = (
				E4328148138ABC890047C5CB /* openFrameworksDebug.a */,
			);
			name = Products;
			sourceTree = "<group>";
		};
		E45BE5980E8CC70C009D7055 /* frameworks */ = {
			isa = PBXGroup;
			children = (
				BBAB23CA13894EDB00AA2426 /* 3rd party frameworks */,
				BBAB23C913894ECA00AA2426 /* system frameworks */,
			);
			name = frameworks;
			sourceTree = "<group>";
		};
		E4B69B4A0A3A1720003C02F2 = {
			isa = PBXGroup;
			children = (
				E4B6FCAD0C3E899E008CF71C /* openFrameworks-Info.plist */,
				E4EB6923138AFD0F00A09F29 /* Project.xcconfig */,
				E4B69E1C0A3A1BDC003C02F2 /* src */,
				E4EEC9E9138DF44700A80321 /* openFrameworks */,
				BB4B014C10F69532006C3DED /* addons */,
				E45BE5980E8CC70C009D7055 /* frameworks */,
				E4B69B5B0A3A1756003C02F2 /* ofAppDebug.app */,
			);
			sourceTree = "<group>";
		};
		E4B69E1C0A3A1BDC003C02F2 /* src */ = {
			isa = PBXGroup;
			children = (
				E4B69E1D0A3A1BDC003C02F2 /* main.cpp */,
				E4B69E1E0A3A1BDC003C02F2 /* ofApp.cpp */,
				E4B69E1F0A3A1BDC003C02F2 /* ofApp.h */,
				192704751991DA1B00E75F42 /* UIComponents.cpp */,
				192704761991DA1B00E75F42 /* UIComponents.h */,
			);
			path = src;
			sourceTree = SOURCE_ROOT;
		};
		E4EEC9E9138DF44700A80321 /* openFrameworks */ = {
			isa = PBXGroup;
			children = (
				E4EB691F138AFCF100A09F29 /* CoreOF.xcconfig */,
				E4328143138ABC890047C5CB /* openFrameworksLib.xcodeproj */,
			);
			name = openFrameworks;
			sourceTree = "<group>";
		};
		FDF8B764687CBF985FFF2D62 /* ofxSelflash */ = {
			isa = PBXGroup;
			children = (
				197B9E241A739B42004F9547 /* src */,
			);
			name = ofxSelflash;
			sourceTree = "<group>";
		};
/* End PBXGroup section */

/* Begin PBXNativeTarget section */
		E4B69B5A0A3A1756003C02F2 /* ofApp */ = {
			isa = PBXNativeTarget;
			buildConfigurationList = E4B69B5F0A3A1757003C02F2 /* Build configuration list for PBXNativeTarget "ofApp" */;
			buildPhases = (
				E4B69B580A3A1756003C02F2 /* Sources */,
				E4B69B590A3A1756003C02F2 /* Frameworks */,
				E4B6FFFD0C3F9AB9008CF71C /* ShellScript */,
				E4C2427710CC5ABF004149E2 /* CopyFiles */,
			);
			buildRules = (
			);
			dependencies = (
				E4EEB9AC138B136A00A80321 /* PBXTargetDependency */,
			);
			name = ofApp;
			productName = myOFApp;
			productReference = E4B69B5B0A3A1756003C02F2 /* ofAppDebug.app */;
			productType = "com.apple.product-type.application";
		};
/* End PBXNativeTarget section */

/* Begin PBXProject section */
		E4B69B4C0A3A1720003C02F2 /* Project object */ = {
			isa = PBXProject;
			attributes = {
				LastUpgradeCheck = 0460;
			};
			buildConfigurationList = E4B69B4D0A3A1720003C02F2 /* Build configuration list for PBXProject "ofApp" */;
			compatibilityVersion = "Xcode 3.2";
			developmentRegion = English;
			hasScannedForEncodings = 0;
			knownRegions = (
				English,
				Japanese,
				French,
				German,
			);
			mainGroup = E4B69B4A0A3A1720003C02F2;
			productRefGroup = E4B69B4A0A3A1720003C02F2;
			projectDirPath = "";
			projectReferences = (
				{
					ProductGroup = E4328144138ABC890047C5CB /* Products */;
					ProjectRef = E4328143138ABC890047C5CB /* openFrameworksLib.xcodeproj */;
				},
			);
			projectRoot = "";
			targets = (
				E4B69B5A0A3A1756003C02F2 /* ofApp */,
			);
		};
/* End PBXProject section */

/* Begin PBXReferenceProxy section */
		E4328148138ABC890047C5CB /* openFrameworksDebug.a */ = {
			isa = PBXReferenceProxy;
			fileType = archive.ar;
			path = openFrameworksDebug.a;
			remoteRef = E4328147138ABC890047C5CB /* PBXContainerItemProxy */;
			sourceTree = BUILT_PRODUCTS_DIR;
		};
/* End PBXReferenceProxy section */

/* Begin PBXShellScriptBuildPhase section */
		E4B6FFFD0C3F9AB9008CF71C /* ShellScript */ = {
			isa = PBXShellScriptBuildPhase;
			buildActionMask = 2147483647;
			files = (
			);
			inputPaths = (
			);
			outputPaths = (
			);
			runOnlyForDeploymentPostprocessing = 0;
			shellPath = /bin/sh;
			shellScript = "cp -f ../../../libs/fmodex/lib/osx/libfmodex.dylib \"$TARGET_BUILD_DIR/$PRODUCT_NAME.app/Contents/MacOS/libfmodex.dylib\"; install_name_tool -change ./libfmodex.dylib @executable_path/libfmodex.dylib \"$TARGET_BUILD_DIR/$PRODUCT_NAME.app/Contents/MacOS/$PRODUCT_NAME\";\nmkdir -p \"$TARGET_BUILD_DIR/$PRODUCT_NAME.app/Contents/Resources/\"\ncp -f \"$ICON_FILE\" \"$TARGET_BUILD_DIR/$PRODUCT_NAME.app/Contents/Resources/\"\n";
		};
/* End PBXShellScriptBuildPhase section */

/* Begin PBXSourcesBuildPhase section */
		E4B69B580A3A1756003C02F2 /* Sources */ = {
			isa = PBXSourcesBuildPhase;
			buildActionMask = 2147483647;
			files = (
				197B9ED71A739B42004F9547 /* NativeWindow.cpp in Sources */,
				197B9EC51A739B42004F9547 /* Font.cpp in Sources */,
				197B9EBE1A739B42004F9547 /* Flash2D.cpp in Sources */,
				197B9EC91A739B42004F9547 /* CircleColorPicker.cpp in Sources */,
				197B9ED41A739B42004F9547 /* RotarySlider.cpp in Sources */,
				197B9ECE1A739B42004F9547 /* Mouse.cpp in Sources */,
				197B9EAB1A739B42004F9547 /* Shape.cpp in Sources */,
				197B9EA31A739B42004F9547 /* BItmap.cpp in Sources */,
				197B9EBB1A739B42004F9547 /* RangeSliderEvent.cpp in Sources */,
				197B9EBC1A739B42004F9547 /* SliderEvent.cpp in Sources */,
				197B9EAD1A739B42004F9547 /* Stage.cpp in Sources */,
				197B9EC61A739B42004F9547 /* TextField.cpp in Sources */,
				197B9EB01A739B42004F9547 /* ColorSliderEvent.cpp in Sources */,
				197B9ECB1A739B42004F9547 /* ComboBox.cpp in Sources */,
				197B9EBF1A739B42004F9547 /* FlashConfig.cpp in Sources */,
				197B9EC41A739B42004F9547 /* Transform.cpp in Sources */,
				197B9EC31A739B42004F9547 /* Rectangle.cpp in Sources */,
				197B9EA51A739B42004F9547 /* BlendMode.cpp in Sources */,
				197B9EB41A739B42004F9547 /* FocusEvent.cpp in Sources */,
				197B9ECF1A739B42004F9547 /* NumberDialer.cpp in Sources */,
				197B9ED11A739B42004F9547 /* Pad3D.cpp in Sources */,
				197B9EB51A739B42004F9547 /* JoystickEvent.cpp in Sources */,
				E4B69E200A3A1BDC003C02F2 /* main.cpp in Sources */,
				197B9EAE1A739B42004F9547 /* AnimationEvent.cpp in Sources */,
				197B9EC81A739B42004F9547 /* Button.cpp in Sources */,
				197B9ED21A739B42004F9547 /* RadioButton.cpp in Sources */,
				197B9EB91A739B42004F9547 /* PadEvent.cpp in Sources */,
				197B9EC11A739B42004F9547 /* Matrix.cpp in Sources */,
				197B9EB11A739B42004F9547 /* ComboBoxEvent.cpp in Sources */,
				197B9ECA1A739B42004F9547 /* ColorSlider.cpp in Sources */,
				197B9EA41A739B42004F9547 /* BitmapData.cpp in Sources */,
				E4B69E210A3A1BDC003C02F2 /* ofApp.cpp in Sources */,
				197B9EC71A739B42004F9547 /* TextFieldAutoSize.cpp in Sources */,
				197B9EBD1A739B42004F9547 /* SoundEvent.cpp in Sources */,
				197B9ED51A739B42004F9547 /* ScrollKit.cpp in Sources */,
				197B9EC01A739B42004F9547 /* ColorTransform.cpp in Sources */,
				197B9EA21A739B42004F9547 /* Object.cpp in Sources */,
				197B9EB61A739B42004F9547 /* KeyboardEvent.cpp in Sources */,
				197B9ED01A739B42004F9547 /* Pad2D.cpp in Sources */,
				197B9EB81A739B42004F9547 /* NumberDialerEvent.cpp in Sources */,
				197B9EAA1A739B42004F9547 /* MovieClip.cpp in Sources */,
				197B9ED31A739B42004F9547 /* RangeSlider.cpp in Sources */,
				197B9EB31A739B42004F9547 /* EventDispatcher.cpp in Sources */,
				197B9EB21A739B42004F9547 /* Event.cpp in Sources */,
				197B9ECC1A739B42004F9547 /* Joystick.cpp in Sources */,
				197B9EA91A739B42004F9547 /* InteractiveObject.cpp in Sources */,
				197B9EAF1A739B42004F9547 /* ColorPickerEvent.cpp in Sources */,
				197B9ECD1A739B42004F9547 /* Keyboard.cpp in Sources */,
				192704771991DA1B00E75F42 /* UIComponents.cpp in Sources */,
				197B9EC21A739B42004F9547 /* Particle2D.cpp in Sources */,
				197B9EBA1A739B42004F9547 /* RadioButtonEvent.cpp in Sources */,
				197B9EB71A739B42004F9547 /* MouseEvent.cpp in Sources */,
				197B9EA61A739B42004F9547 /* DisplayObject.cpp in Sources */,
				197B9EA81A739B42004F9547 /* Graphics.cpp in Sources */,
				197B9EAC1A739B42004F9547 /* Sprite.cpp in Sources */,
				197B9ED61A739B42004F9547 /* Slider.cpp in Sources */,
				197B9EA71A739B42004F9547 /* DisplayObjectContainer.cpp in Sources */,
			);
			runOnlyForDeploymentPostprocessing = 0;
		};
/* End PBXSourcesBuildPhase section */

/* Begin PBXTargetDependency section */
		E4EEB9AC138B136A00A80321 /* PBXTargetDependency */ = {
			isa = PBXTargetDependency;
			name = openFrameworks;
			targetProxy = E4EEB9AB138B136A00A80321 /* PBXContainerItemProxy */;
		};
/* End PBXTargetDependency section */

/* Begin XCBuildConfiguration section */
		E4B69B4E0A3A1720003C02F2 /* Debug */ = {
			isa = XCBuildConfiguration;
			baseConfigurationReference = E4EB6923138AFD0F00A09F29 /* Project.xcconfig */;
			buildSettings = {
				ARCHS = "$(NATIVE_ARCH)";
				CONFIGURATION_BUILD_DIR = "$(SRCROOT)/bin/";
				COPY_PHASE_STRIP = NO;
				DEAD_CODE_STRIPPING = YES;
				GCC_AUTO_VECTORIZATION = YES;
				GCC_ENABLE_SSE3_EXTENSIONS = YES;
				GCC_ENABLE_SUPPLEMENTAL_SSE3_INSTRUCTIONS = YES;
				GCC_INLINES_ARE_PRIVATE_EXTERN = NO;
				GCC_OPTIMIZATION_LEVEL = 0;
				GCC_SYMBOLS_PRIVATE_EXTERN = NO;
				GCC_WARN_ABOUT_DEPRECATED_FUNCTIONS = YES;
				GCC_WARN_ABOUT_INVALID_OFFSETOF_MACRO = NO;
				GCC_WARN_ALLOW_INCOMPLETE_PROTOCOL = NO;
				GCC_WARN_UNINITIALIZED_AUTOS = NO;
				GCC_WARN_UNUSED_VALUE = NO;
				GCC_WARN_UNUSED_VARIABLE = NO;
				HEADER_SEARCH_PATHS = (
					"$(OF_CORE_HEADERS)",
					../../../addons/ofxSelflash/libs,
					../../../addons/ofxSelflash/src,
					../../../addons/ofxSelflash/src/fl2d,
					../../../addons/ofxSelflash/src/fl2d/core,
					../../../addons/ofxSelflash/src/fl2d/display,
					../../../addons/ofxSelflash/src/fl2d/events,
					../../../addons/ofxSelflash/src/fl2d/filters,
					../../../addons/ofxSelflash/src/fl2d/geom,
					../../../addons/ofxSelflash/src/fl2d/gl,
					../../../addons/ofxSelflash/src/fl2d/media,
					../../../addons/ofxSelflash/src/fl2d/net,
					../../../addons/ofxSelflash/src/fl2d/texts,
					../../../addons/ofxSelflash/src/fl2d/ui,
					../../../addons/ofxSelflash/src/fl3d,
					../../../addons/ofxSelflash/src/fl3d/cameras,
					../../../addons/ofxSelflash/src/fl3d/core,
					../../../addons/ofxSelflash/src/fl3d/data,
					../../../addons/ofxSelflash/src/fl3d/events,
					../../../addons/ofxSelflash/src/fl3d/fx,
					../../../addons/ofxSelflash/src/fl3d/geom,
					../../../addons/ofxSelflash/src/fl3d/lights,
					../../../addons/ofxSelflash/src/fl3d/objects,
					../../../addons/ofxSelflash/src/fl3d/objects/primitives,
					../../../addons/ofxSelflash/src/fl3d/render,
					../../../addons/ofxSelflash/src/fl3d/scenes,
					../../../addons/ofxSelflash/src/fl3d/template,
					../../../addons/ofxSelflash/src/utils,
					../../../addons/ofxSelflash/src/utils/gl,
				);
				MACOSX_DEPLOYMENT_TARGET = 10.6;
				OTHER_CPLUSPLUSFLAGS = (
					"-D__MACOSX_CORE__",
					"-lpthread",
					"-mtune=native",
				);
				SDKROOT = macosx;
			};
			name = Debug;
		};
		E4B69B4F0A3A1720003C02F2 /* Release */ = {
			isa = XCBuildConfiguration;
			baseConfigurationReference = E4EB6923138AFD0F00A09F29 /* Project.xcconfig */;
			buildSettings = {
				ARCHS = "$(NATIVE_ARCH)";
				CONFIGURATION_BUILD_DIR = "$(SRCROOT)/bin/";
				COPY_PHASE_STRIP = YES;
				DEAD_CODE_STRIPPING = YES;
				GCC_AUTO_VECTORIZATION = YES;
				GCC_ENABLE_SSE3_EXTENSIONS = YES;
				GCC_ENABLE_SUPPLEMENTAL_SSE3_INSTRUCTIONS = YES;
				GCC_INLINES_ARE_PRIVATE_EXTERN = NO;
				GCC_OPTIMIZATION_LEVEL = 3;
				GCC_SYMBOLS_PRIVATE_EXTERN = NO;
				GCC_UNROLL_LOOPS = YES;
				GCC_WARN_ABOUT_DEPRECATED_FUNCTIONS = YES;
				GCC_WARN_ABOUT_INVALID_OFFSETOF_MACRO = NO;
				GCC_WARN_ALLOW_INCOMPLETE_PROTOCOL = NO;
				GCC_WARN_UNINITIALIZED_AUTOS = NO;
				GCC_WARN_UNUSED_VALUE = NO;
				GCC_WARN_UNUSED_VARIABLE = NO;
				HEADER_SEARCH_PATHS = (
					"$(OF_CORE_HEADERS)",
					../../../addons/ofxSelflash/libs,
					../../../addons/ofxSelflash/src,
					../../../addons/ofxSelflash/src/fl2d,
					../../../addons/ofxSelflash/src/fl2d/core,
					../../../addons/ofxSelflash/src/fl2d/display,
					../../../addons/ofxSelflash/src/fl2d/events,
					../../../addons/ofxSelflash/src/fl2d/filters,
					../../../addons/ofxSelflash/src/fl2d/geom,
					../../../addons/ofxSelflash/src/fl2d/gl,
					../../../addons/ofxSelflash/src/fl2d/media,
					../../../addons/ofxSelflash/src/fl2d/net,
					../../../addons/ofxSelflash/src/fl2d/texts,
					../../../addons/ofxSelflash/src/fl2d/ui,
					../../../addons/ofxSelflash/src/fl3d,
					../../../addons/ofxSelflash/src/fl3d/cameras,
					../../../addons/ofxSelflash/src/fl3d/core,
					../../../addons/ofxSelflash/src/fl3d/data,
					../../../addons/ofxSelflash/src/fl3d/events,
					../../../addons/ofxSelflash/src/fl3d/fx,
					../../../addons/ofxSelflash/src/fl3d/geom,
					../../../addons/ofxSelflash/src/fl3d/lights,
					../../../addons/ofxSelflash/src/fl3d/objects,
					../../../addons/ofxSelflash/src/fl3d/objects/primitives,
					../../../addons/ofxSelflash/src/fl3d/render,
					../../../addons/ofxSelflash/src/fl3d/scenes,
					../../../addons/ofxSelflash/src/fl3d/template,
					../../../addons/ofxSelflash/src/utils,
					../../../addons/ofxSelflash/src/utils/gl,
				);
				MACOSX_DEPLOYMENT_TARGET = 10.6;
				OTHER_CPLUSPLUSFLAGS = (
					"-D__MACOSX_CORE__",
					"-lpthread",
					"-mtune=native",
				);
				SDKROOT = macosx;
			};
			name = Release;
		};
		E4B69B600A3A1757003C02F2 /* Debug */ = {
			isa = XCBuildConfiguration;
			buildSettings = {
				COMBINE_HIDPI_IMAGES = YES;
				COPY_PHASE_STRIP = NO;
				FRAMEWORK_SEARCH_PATHS = (
					"$(inherited)",
					"$(FRAMEWORK_SEARCH_PATHS_QUOTED_FOR_TARGET_1)",
				);
				FRAMEWORK_SEARCH_PATHS_QUOTED_FOR_TARGET_1 = "\"$(SRCROOT)/../../../libs/glut/lib/osx\"";
				GCC_DYNAMIC_NO_PIC = NO;
				GCC_GENERATE_DEBUGGING_SYMBOLS = YES;
				GCC_MODEL_TUNING = NONE;
				ICON = "$(ICON_NAME_DEBUG)";
				ICON_FILE = "$(ICON_FILE_PATH)$(ICON)";
				INFOPLIST_FILE = "openFrameworks-Info.plist";
				INSTALL_PATH = "$(HOME)/Applications";
				LIBRARY_SEARCH_PATHS = (
					"$(inherited)",
					"$(LIBRARY_SEARCH_PATHS_QUOTED_FOR_TARGET_1)",
					"$(LIBRARY_SEARCH_PATHS_QUOTED_FOR_TARGET_2)",
					"$(LIBRARY_SEARCH_PATHS_QUOTED_FOR_TARGET_3)",
					"$(LIBRARY_SEARCH_PATHS_QUOTED_FOR_TARGET_4)",
					"$(LIBRARY_SEARCH_PATHS_QUOTED_FOR_TARGET_5)",
					"$(LIBRARY_SEARCH_PATHS_QUOTED_FOR_TARGET_6)",
					"$(LIBRARY_SEARCH_PATHS_QUOTED_FOR_TARGET_7)",
					"$(LIBRARY_SEARCH_PATHS_QUOTED_FOR_TARGET_8)",
					"$(LIBRARY_SEARCH_PATHS_QUOTED_FOR_TARGET_9)",
					"$(LIBRARY_SEARCH_PATHS_QUOTED_FOR_TARGET_10)",
					"$(LIBRARY_SEARCH_PATHS_QUOTED_FOR_TARGET_11)",
					"$(LIBRARY_SEARCH_PATHS_QUOTED_FOR_TARGET_12)",
					"$(LIBRARY_SEARCH_PATHS_QUOTED_FOR_TARGET_13)",
					"$(LIBRARY_SEARCH_PATHS_QUOTED_FOR_TARGET_14)",
					"$(LIBRARY_SEARCH_PATHS_QUOTED_FOR_TARGET_15)",
					"$(LIBRARY_SEARCH_PATHS_QUOTED_FOR_TARGET_2)",
					"$(LIBRARY_SEARCH_PATHS_QUOTED_FOR_TARGET_3)",
					"$(LIBRARY_SEARCH_PATHS_QUOTED_FOR_TARGET_7)",
					"$(LIBRARY_SEARCH_PATHS_QUOTED_FOR_TARGET_8)",
					"$(LIBRARY_SEARCH_PATHS_QUOTED_FOR_TARGET_9)",
					"$(LIBRARY_SEARCH_PATHS_QUOTED_FOR_TARGET_10)",
					"$(LIBRARY_SEARCH_PATHS_QUOTED_FOR_TARGET_11)",
					"$(LIBRARY_SEARCH_PATHS_QUOTED_FOR_TARGET_12)",
					"$(LIBRARY_SEARCH_PATHS_QUOTED_FOR_TARGET_13)",
					"$(LIBRARY_SEARCH_PATHS_QUOTED_FOR_TARGET_16)",
					"$(LIBRARY_SEARCH_PATHS_QUOTED_FOR_TARGET_17)",
					"$(LIBRARY_SEARCH_PATHS_QUOTED_FOR_TARGET_18)",
					"$(LIBRARY_SEARCH_PATHS_QUOTED_FOR_TARGET_19)",
					"$(LIBRARY_SEARCH_PATHS_QUOTED_FOR_TARGET_20)",
					"$(LIBRARY_SEARCH_PATHS_QUOTED_FOR_TARGET_21)",
					"$(LIBRARY_SEARCH_PATHS_QUOTED_FOR_TARGET_22)",
					"$(LIBRARY_SEARCH_PATHS_QUOTED_FOR_TARGET_23)",
					"$(LIBRARY_SEARCH_PATHS_QUOTED_FOR_TARGET_24)",
					"$(LIBRARY_SEARCH_PATHS_QUOTED_FOR_TARGET_25)",
					"$(LIBRARY_SEARCH_PATHS_QUOTED_FOR_TARGET_26)",
					"$(LIBRARY_SEARCH_PATHS_QUOTED_FOR_TARGET_27)",
					"$(LIBRARY_SEARCH_PATHS_QUOTED_FOR_TARGET_28)",
					"$(LIBRARY_SEARCH_PATHS_QUOTED_FOR_TARGET_29)",
					"$(LIBRARY_SEARCH_PATHS_QUOTED_FOR_TARGET_30)",
					"$(LIBRARY_SEARCH_PATHS_QUOTED_FOR_TARGET_31)",
					"$(LIBRARY_SEARCH_PATHS_QUOTED_FOR_TARGET_32)",
					"$(LIBRARY_SEARCH_PATHS_QUOTED_FOR_TARGET_33)",
					"$(LIBRARY_SEARCH_PATHS_QUOTED_FOR_TARGET_34)",
					"$(LIBRARY_SEARCH_PATHS_QUOTED_FOR_TARGET_35)",
					"$(LIBRARY_SEARCH_PATHS_QUOTED_FOR_TARGET_36)",
					"$(LIBRARY_SEARCH_PATHS_QUOTED_FOR_TARGET_37)",
					"$(LIBRARY_SEARCH_PATHS_QUOTED_FOR_TARGET_38)",
					"$(LIBRARY_SEARCH_PATHS_QUOTED_FOR_TARGET_39)",
					"$(LIBRARY_SEARCH_PATHS_QUOTED_FOR_TARGET_40)",
					"$(LIBRARY_SEARCH_PATHS_QUOTED_FOR_TARGET_41)",
					"$(LIBRARY_SEARCH_PATHS_QUOTED_FOR_TARGET_42)",
					"$(LIBRARY_SEARCH_PATHS_QUOTED_FOR_TARGET_43)",
					"$(LIBRARY_SEARCH_PATHS_QUOTED_FOR_TARGET_44)",
					"$(LIBRARY_SEARCH_PATHS_QUOTED_FOR_TARGET_45)",
					"$(LIBRARY_SEARCH_PATHS_QUOTED_FOR_TARGET_46)",
					"$(LIBRARY_SEARCH_PATHS_QUOTED_FOR_TARGET_47)",
					"$(LIBRARY_SEARCH_PATHS_QUOTED_FOR_TARGET_48)",
					"$(LIBRARY_SEARCH_PATHS_QUOTED_FOR_TARGET_49)",
					"$(LIBRARY_SEARCH_PATHS_QUOTED_FOR_TARGET_50)",
					"$(LIBRARY_SEARCH_PATHS_QUOTED_FOR_TARGET_51)",
					"$(LIBRARY_SEARCH_PATHS_QUOTED_FOR_TARGET_52)",
				);
				PRODUCT_NAME = "$(TARGET_NAME)Debug";
				WRAPPER_EXTENSION = app;
			};
			name = Debug;
		};
		E4B69B610A3A1757003C02F2 /* Release */ = {
			isa = XCBuildConfiguration;
			buildSettings = {
				COMBINE_HIDPI_IMAGES = YES;
				COPY_PHASE_STRIP = YES;
				FRAMEWORK_SEARCH_PATHS = (
					"$(inherited)",
					"$(FRAMEWORK_SEARCH_PATHS_QUOTED_FOR_TARGET_1)",
				);
				FRAMEWORK_SEARCH_PATHS_QUOTED_FOR_TARGET_1 = "\"$(SRCROOT)/../../../libs/glut/lib/osx\"";
				GCC_GENERATE_DEBUGGING_SYMBOLS = YES;
				GCC_MODEL_TUNING = NONE;
				ICON = "$(ICON_NAME_RELEASE)";
				ICON_FILE = "$(ICON_FILE_PATH)$(ICON)";
				INFOPLIST_FILE = "openFrameworks-Info.plist";
				INSTALL_PATH = "$(HOME)/Applications";
				LIBRARY_SEARCH_PATHS = (
					"$(inherited)",
					"$(LIBRARY_SEARCH_PATHS_QUOTED_FOR_TARGET_1)",
					"$(LIBRARY_SEARCH_PATHS_QUOTED_FOR_TARGET_2)",
					"$(LIBRARY_SEARCH_PATHS_QUOTED_FOR_TARGET_3)",
					"$(LIBRARY_SEARCH_PATHS_QUOTED_FOR_TARGET_4)",
					"$(LIBRARY_SEARCH_PATHS_QUOTED_FOR_TARGET_5)",
					"$(LIBRARY_SEARCH_PATHS_QUOTED_FOR_TARGET_6)",
					"$(LIBRARY_SEARCH_PATHS_QUOTED_FOR_TARGET_7)",
					"$(LIBRARY_SEARCH_PATHS_QUOTED_FOR_TARGET_8)",
					"$(LIBRARY_SEARCH_PATHS_QUOTED_FOR_TARGET_9)",
					"$(LIBRARY_SEARCH_PATHS_QUOTED_FOR_TARGET_10)",
					"$(LIBRARY_SEARCH_PATHS_QUOTED_FOR_TARGET_11)",
					"$(LIBRARY_SEARCH_PATHS_QUOTED_FOR_TARGET_12)",
					"$(LIBRARY_SEARCH_PATHS_QUOTED_FOR_TARGET_13)",
					"$(LIBRARY_SEARCH_PATHS_QUOTED_FOR_TARGET_14)",
					"$(LIBRARY_SEARCH_PATHS_QUOTED_FOR_TARGET_15)",
					"$(LIBRARY_SEARCH_PATHS_QUOTED_FOR_TARGET_2)",
					"$(LIBRARY_SEARCH_PATHS_QUOTED_1)",
					"$(LIBRARY_SEARCH_PATHS_QUOTED_FOR_TARGET_3)",
					"$(LIBRARY_SEARCH_PATHS_QUOTED_FOR_TARGET_7)",
					"$(LIBRARY_SEARCH_PATHS_QUOTED_FOR_TARGET_8)",
					"$(LIBRARY_SEARCH_PATHS_QUOTED_FOR_TARGET_9)",
					"$(LIBRARY_SEARCH_PATHS_QUOTED_FOR_TARGET_10)",
					"$(LIBRARY_SEARCH_PATHS_QUOTED_FOR_TARGET_11)",
					"$(LIBRARY_SEARCH_PATHS_QUOTED_FOR_TARGET_12)",
					"$(LIBRARY_SEARCH_PATHS_QUOTED_FOR_TARGET_13)",
					"$(LIBRARY_SEARCH_PATHS_QUOTED_FOR_TARGET_16)",
					"$(LIBRARY_SEARCH_PATHS_QUOTED_FOR_TARGET_17)",
					"$(LIBRARY_SEARCH_PATHS_QUOTED_FOR_TARGET_18)",
					"$(LIBRARY_SEARCH_PATHS_QUOTED_FOR_TARGET_19)",
					"$(LIBRARY_SEARCH_PATHS_QUOTED_FOR_TARGET_20)",
					"$(LIBRARY_SEARCH_PATHS_QUOTED_FOR_TARGET_21)",
					"$(LIBRARY_SEARCH_PATHS_QUOTED_FOR_TARGET_22)",
					"$(LIBRARY_SEARCH_PATHS_QUOTED_FOR_TARGET_23)",
					"$(LIBRARY_SEARCH_PATHS_QUOTED_FOR_TARGET_24)",
					"$(LIBRARY_SEARCH_PATHS_QUOTED_FOR_TARGET_25)",
					"$(LIBRARY_SEARCH_PATHS_QUOTED_FOR_TARGET_26)",
					"$(LIBRARY_SEARCH_PATHS_QUOTED_FOR_TARGET_27)",
					"$(LIBRARY_SEARCH_PATHS_QUOTED_FOR_TARGET_28)",
					"$(LIBRARY_SEARCH_PATHS_QUOTED_FOR_TARGET_29)",
					"$(LIBRARY_SEARCH_PATHS_QUOTED_FOR_TARGET_30)",
					"$(LIBRARY_SEARCH_PATHS_QUOTED_FOR_TARGET_31)",
					"$(LIBRARY_SEARCH_PATHS_QUOTED_FOR_TARGET_32)",
					"$(LIBRARY_SEARCH_PATHS_QUOTED_FOR_TARGET_33)",
					"$(LIBRARY_SEARCH_PATHS_QUOTED_FOR_TARGET_34)",
					"$(LIBRARY_SEARCH_PATHS_QUOTED_FOR_TARGET_35)",
					"$(LIBRARY_SEARCH_PATHS_QUOTED_FOR_TARGET_36)",
					"$(LIBRARY_SEARCH_PATHS_QUOTED_FOR_TARGET_37)",
					"$(LIBRARY_SEARCH_PATHS_QUOTED_FOR_TARGET_38)",
					"$(LIBRARY_SEARCH_PATHS_QUOTED_FOR_TARGET_39)",
					"$(LIBRARY_SEARCH_PATHS_QUOTED_FOR_TARGET_40)",
					"$(LIBRARY_SEARCH_PATHS_QUOTED_FOR_TARGET_41)",
					"$(LIBRARY_SEARCH_PATHS_QUOTED_FOR_TARGET_42)",
					"$(LIBRARY_SEARCH_PATHS_QUOTED_FOR_TARGET_43)",
					"$(LIBRARY_SEARCH_PATHS_QUOTED_FOR_TARGET_44)",
					"$(LIBRARY_SEARCH_PATHS_QUOTED_FOR_TARGET_45)",
					"$(LIBRARY_SEARCH_PATHS_QUOTED_FOR_TARGET_46)",
					"$(LIBRARY_SEARCH_PATHS_QUOTED_FOR_TARGET_47)",
					"$(LIBRARY_SEARCH_PATHS_QUOTED_FOR_TARGET_48)",
					"$(LIBRARY_SEARCH_PATHS_QUOTED_FOR_TARGET_49)",
					"$(LIBRARY_SEARCH_PATHS_QUOTED_FOR_TARGET_50)",
					"$(LIBRARY_SEARCH_PATHS_QUOTED_FOR_TARGET_51)",
				);
				PRODUCT_NAME = "$(TARGET_NAME)";
				WRAPPER_EXTENSION = app;
			};
			name = Release;
		};
/* End XCBuildConfiguration section */

/* Begin XCConfigurationList section */
		E4B69B4D0A3A1720003C02F2 /* Build configuration list for PBXProject "ofApp" */ = {
			isa = XCConfigurationList;
			buildConfigurations = (
				E4B69B4E0A3A1720003C02F2 /* Debug */,
				E4B69B4F0A3A1720003C02F2 /* Release */,
			);
			defaultConfigurationIsVisible = 0;
			defaultConfigurationName = Release;
		};
		E4B69B5F0A3A1757003C02F2 /* Build configuration list for PBXNativeTarget "ofApp" */ = {
			isa = XCConfigurationList;
			buildConfigurations = (
				E4B69B600A3A1757003C02F2 /* Debug */,
				E4B69B610A3A1757003C02F2 /* Release */,
			);
			defaultConfigurationIsVisible = 0;
			defaultConfigurationName = Release;
		};
/* End XCConfigurationList section */
	};
	rootObject = E4B69B4C0A3A1720003C02F2 /* Project object */;
}
