// !$*UTF8*$!
{
	archiveVersion = 1;
	classes = {
	};
	objectVersion = 46;
	objects = {

/* Begin PBXBuildFile section */
		078974189602C5C3ACD4180B /* FlashConfig.cpp in Sources */ = {isa = PBXBuildFile; fileRef = E227ED8010FD7BBBA73B3896 /* FlashConfig.cpp */; };
		0C6D65E1FAD493429199B1AA /* Button.cpp in Sources */ = {isa = PBXBuildFile; fileRef = 5A01CC6B14B154761FB61DB8 /* Button.cpp */; };
		119640851DCC998700224B46 /* Container.cpp in Sources */ = {isa = PBXBuildFile; fileRef = 119640811DCC998700224B46 /* Container.cpp */; };
		119640861DCC998700224B46 /* CustomSpriteA.cpp in Sources */ = {isa = PBXBuildFile; fileRef = 119640831DCC998700224B46 /* CustomSpriteA.cpp */; };
		137C61A7B9C158344F5D5226 /* ColorPickerEvent.cpp in Sources */ = {isa = PBXBuildFile; fileRef = E8C36764527AE9D7AE546001 /* ColorPickerEvent.cpp */; };
		15DE4F56DC0BC0077A1634DD /* JoyStick2D.cpp in Sources */ = {isa = PBXBuildFile; fileRef = EF43BD7D57560CBEC986746B /* JoyStick2D.cpp */; };
		1A0C4143D28CF79010A55DEC /* DisplayObjectContainer.cpp in Sources */ = {isa = PBXBuildFile; fileRef = 934C907048A975D99C0815F1 /* DisplayObjectContainer.cpp */; };
		1C65C0705B66A7703B0F3482 /* Font.cpp in Sources */ = {isa = PBXBuildFile; fileRef = 9B1D5139CE40A3EE68DF10CE /* Font.cpp */; };
		1CD6C940E24C69CF552AF2A8 /* RotarySlider.cpp in Sources */ = {isa = PBXBuildFile; fileRef = 3A86F61622A96F9B2AAEE1E0 /* RotarySlider.cpp */; };
		2193A770317967C21EDCA171 /* Keyboard.cpp in Sources */ = {isa = PBXBuildFile; fileRef = 3E6B7E87CDBBF8C14E5DE718 /* Keyboard.cpp */; };
		25CA0B26A07B84FDDF939EFE /* EventDispatcher.cpp in Sources */ = {isa = PBXBuildFile; fileRef = 4C6966F5DEF63F897E9A7728 /* EventDispatcher.cpp */; };
		25DA37963DE2EC746EDAEFFF /* MovieClip.cpp in Sources */ = {isa = PBXBuildFile; fileRef = 023E5D6BD941DEE7F969D565 /* MovieClip.cpp */; };
		26A5F84A58EFB11833D17913 /* Pad2D.cpp in Sources */ = {isa = PBXBuildFile; fileRef = 9A0862D23E156094B32902B1 /* Pad2D.cpp */; };
		28033387AA378237CC87883C /* DisplayObject.cpp in Sources */ = {isa = PBXBuildFile; fileRef = 8497FD43E9A4F44163BB3585 /* DisplayObject.cpp */; };
		28629ABEDFD2FD0CD1FE3C37 /* PadEvent.cpp in Sources */ = {isa = PBXBuildFile; fileRef = F912A29472C7B0E7FD00EFB2 /* PadEvent.cpp */; };
		2B1087380802DD5699BEFF01 /* TextField.cpp in Sources */ = {isa = PBXBuildFile; fileRef = 4069E9F27C9AD0C06E6DC719 /* TextField.cpp */; };
		2C37863F2C7D579FC91A6E92 /* BItmap.cpp in Sources */ = {isa = PBXBuildFile; fileRef = 436D127F6297203DD6426905 /* BItmap.cpp */; };
		2E55BF1E35174D1D0B572E8D /* ColorSlider.cpp in Sources */ = {isa = PBXBuildFile; fileRef = DEE28607F6CE6D2205398D06 /* ColorSlider.cpp */; };
		3623FDCE60EFC84A0E8C7099 /* Pad3D.cpp in Sources */ = {isa = PBXBuildFile; fileRef = 3DE7B809EC0A52F68EE1DA76 /* Pad3D.cpp */; };
		3F59D8FB4165913BBF72BDF3 /* RadioButtonEvent.cpp in Sources */ = {isa = PBXBuildFile; fileRef = A42B53F8B6BD90FA18BA60E0 /* RadioButtonEvent.cpp */; };
		45CDB4B0225702E68A31C8ED /* Joystick2DEvent.cpp in Sources */ = {isa = PBXBuildFile; fileRef = 6E6D307D1EA1E0898CDF39BE /* Joystick2DEvent.cpp */; };
		496403E71DEF84928A1EF641 /* Graphics.cpp in Sources */ = {isa = PBXBuildFile; fileRef = 9A9F224F3C0B709AF7805E1D /* Graphics.cpp */; };
		4DD3527CB6275CACAF2FE0B4 /* NumberDialer.cpp in Sources */ = {isa = PBXBuildFile; fileRef = 18B89E1ABB14F25ED5C24B86 /* NumberDialer.cpp */; };
		544E8D151CAD6A9EA28B3887 /* SliderEvent.cpp in Sources */ = {isa = PBXBuildFile; fileRef = 7BE3CB8D2A2EC8165EC3120B /* SliderEvent.cpp */; };
		549E722C7BBF7D6E63B46BC3 /* Sprite.cpp in Sources */ = {isa = PBXBuildFile; fileRef = 3634C362E960536F92A5EF02 /* Sprite.cpp */; };
		5978D05E2A94B9E6D3204646 /* Vec3SliderEvent.cpp in Sources */ = {isa = PBXBuildFile; fileRef = E8A966482A8A174310116FCF /* Vec3SliderEvent.cpp */; };
		5B56F8C8D3ED5DE791C0DA49 /* MouseEvent.cpp in Sources */ = {isa = PBXBuildFile; fileRef = DB45EAB0C524DE56F9DD1D34 /* MouseEvent.cpp */; };
		5C16C9662AD042A6C3711A9C /* Matrix.cpp in Sources */ = {isa = PBXBuildFile; fileRef = B69DF379BD34F785A1BBB8C8 /* Matrix.cpp */; };
		60E6D414AD382BE449882CE4 /* Vec2SliderEvent.cpp in Sources */ = {isa = PBXBuildFile; fileRef = E7847249D2215CB4D894FD4D /* Vec2SliderEvent.cpp */; };
		6E19E10B9A2683DAF7898E0C /* BlendMode.cpp in Sources */ = {isa = PBXBuildFile; fileRef = 062789D17FA12DC05823D76B /* BlendMode.cpp */; };
		6E8B98ABF041A4B6CBACEEE8 /* KeyboardEvent.cpp in Sources */ = {isa = PBXBuildFile; fileRef = 7F3C203D48036262A47E7017 /* KeyboardEvent.cpp */; };
		6FDD41015C79EEE652C5DF51 /* SoundEvent.cpp in Sources */ = {isa = PBXBuildFile; fileRef = D89AE6B40385205E20EABA81 /* SoundEvent.cpp */; };
		71560AD81E183D9DE12ABF0F /* InteractiveObject.cpp in Sources */ = {isa = PBXBuildFile; fileRef = 27E8EB31EBCCB8752E638E17 /* InteractiveObject.cpp */; };
		746E370F9117E805D7683182 /* ButtonEvent.cpp in Sources */ = {isa = PBXBuildFile; fileRef = 40CCF8A4E3D12BCC697AB0F2 /* ButtonEvent.cpp */; };
		7E5D385165C3F31BE1D865FE /* Vec3Slider.cpp in Sources */ = {isa = PBXBuildFile; fileRef = 124F661C0057DC01DA2D7A80 /* Vec3Slider.cpp */; };
		842682DD49F067E27034C9A4 /* ScrollKit.cpp in Sources */ = {isa = PBXBuildFile; fileRef = 266553C9E540C2E26F980370 /* ScrollKit.cpp */; };
		897FCF0C2E192DAAE1D4A0EA /* JoyStick1DEvent.cpp in Sources */ = {isa = PBXBuildFile; fileRef = DDF9C941BE61C6446964D89E /* JoyStick1DEvent.cpp */; };
		8F4EE1CD61FE80E09AED6E7C /* CircleColorPicker.cpp in Sources */ = {isa = PBXBuildFile; fileRef = 633425CA7B7C7C6C6CA6F80C /* CircleColorPicker.cpp */; };
		939D0086BFEDFF7464FF4487 /* RadioButton.cpp in Sources */ = {isa = PBXBuildFile; fileRef = B78C9D4C8C3B78FA80A7BC37 /* RadioButton.cpp */; };
		9FF6EBA05B543F8719971D67 /* RangeSlider.cpp in Sources */ = {isa = PBXBuildFile; fileRef = 71C2A728982DDC2B06B76635 /* RangeSlider.cpp */; };
		A18541FB6F30F2C5A01A11B0 /* Event.cpp in Sources */ = {isa = PBXBuildFile; fileRef = A62A74E969D82FF7F661AFAB /* Event.cpp */; };
		A70ABBA2EB3F1CE17D8B9CBE /* ColorSliderEvent.cpp in Sources */ = {isa = PBXBuildFile; fileRef = 57CF876033F0FBB47A46B764 /* ColorSliderEvent.cpp */; };
		AC61CB58628095359DEB6FE0 /* ComboBoxEvent.cpp in Sources */ = {isa = PBXBuildFile; fileRef = 21D9F4E25DD095979198CC2E /* ComboBoxEvent.cpp */; };
		AC786B4DBFE72EC74969FC1C /* Shape.cpp in Sources */ = {isa = PBXBuildFile; fileRef = 8C57F1A5000BFB80FF53B115 /* Shape.cpp */; };
		AFE7763ECF32AEE5CB33C127 /* Stage.cpp in Sources */ = {isa = PBXBuildFile; fileRef = 62036049E97E32AA95F053E8 /* Stage.cpp */; };
		BA37F4E88866FB4E8FC08967 /* AnimationEvent.cpp in Sources */ = {isa = PBXBuildFile; fileRef = 81022B629DBD3EBE5D1B12E0 /* AnimationEvent.cpp */; };
		BB9599CFA9914A810D479232 /* NativeWindow.cpp in Sources */ = {isa = PBXBuildFile; fileRef = EEFCD660DDC2634734F9226E /* NativeWindow.cpp */; };
		BE18FF2768A41B1453407B2A /* Slider.cpp in Sources */ = {isa = PBXBuildFile; fileRef = 3D17127F8B05C4D740974143 /* Slider.cpp */; };
		C0173EB4946165CB90176987 /* ComboBox.cpp in Sources */ = {isa = PBXBuildFile; fileRef = 1F353272AD60D404636FD941 /* ComboBox.cpp */; };
		C06458468E9F5ED900776198 /* Mouse.cpp in Sources */ = {isa = PBXBuildFile; fileRef = E64C74B9A4D68956D7120D64 /* Mouse.cpp */; };
		C78278E8EE590621F2D57636 /* Flash2D.cpp in Sources */ = {isa = PBXBuildFile; fileRef = 6C6E9BF77DA0F497B462FE99 /* Flash2D.cpp */; };
		CC69D17A2CAE0E333D03D333 /* Particle2D.cpp in Sources */ = {isa = PBXBuildFile; fileRef = 54C0BA464FA57AA8E96DBD34 /* Particle2D.cpp */; };
		CEB7433B13878FCE4AA898CD /* Rectangle.cpp in Sources */ = {isa = PBXBuildFile; fileRef = 45233E53B2B61A96360CA807 /* Rectangle.cpp */; };
		D4D207E702FCCDA82B30F5D4 /* Transform.cpp in Sources */ = {isa = PBXBuildFile; fileRef = 7A25F3C10BF47B63FDA9A0DD /* Transform.cpp */; };
		D92014B1BE491D440AD4547A /* TextFieldAutoSize.cpp in Sources */ = {isa = PBXBuildFile; fileRef = 681A38406B09A03B3D1DE17C /* TextFieldAutoSize.cpp */; };
		DA2E8F3C34B8C69B890943E5 /* FocusEvent.cpp in Sources */ = {isa = PBXBuildFile; fileRef = B5AE32969766115EF96458F7 /* FocusEvent.cpp */; };
		DC0F2F7C53BD4F1031A0A7AF /* NumberDialerEvent.cpp in Sources */ = {isa = PBXBuildFile; fileRef = A0851D7075A9E890852E9DF4 /* NumberDialerEvent.cpp */; };
		DF15F34E3BF6007E59894AF4 /* Object.cpp in Sources */ = {isa = PBXBuildFile; fileRef = 2A1B640305B12E7F8C79956B /* Object.cpp */; };
		DF9D7AAB2174F505F78E2E8D /* Vec2Slider.cpp in Sources */ = {isa = PBXBuildFile; fileRef = 89F6BC0741BC066951CD5059 /* Vec2Slider.cpp */; };
		E4328149138ABC9F0047C5CB /* openFrameworksDebug.a in Frameworks */ = {isa = PBXBuildFile; fileRef = E4328148138ABC890047C5CB /* openFrameworksDebug.a */; };
		E4B69E200A3A1BDC003C02F2 /* main.cpp in Sources */ = {isa = PBXBuildFile; fileRef = E4B69E1D0A3A1BDC003C02F2 /* main.cpp */; };
		E4B69E210A3A1BDC003C02F2 /* ofApp.cpp in Sources */ = {isa = PBXBuildFile; fileRef = E4B69E1E0A3A1BDC003C02F2 /* ofApp.cpp */; };
		F8A49413BA2DAA6AF447E28F /* JoyStick1D.cpp in Sources */ = {isa = PBXBuildFile; fileRef = 957128B5483769122EEBDA23 /* JoyStick1D.cpp */; };
		FBA8157A52B0C5156240B298 /* RangeSliderEvent.cpp in Sources */ = {isa = PBXBuildFile; fileRef = E9A747C536C9F60F4EC8E110 /* RangeSliderEvent.cpp */; };
		FF9D11C98FD3A94C442B5507 /* ColorTransform.cpp in Sources */ = {isa = PBXBuildFile; fileRef = 93C6AF21C4A52C5C39B333F0 /* ColorTransform.cpp */; };
		FFAA1800BC15D2BBB29677B4 /* BitmapData.cpp in Sources */ = {isa = PBXBuildFile; fileRef = 81E48CFAB2BD699541C09BE5 /* BitmapData.cpp */; };
/* End PBXBuildFile section */

/* Begin PBXContainerItemProxy section */
		E4328147138ABC890047C5CB /* PBXContainerItemProxy */ = {
			isa = PBXContainerItemProxy;
			containerPortal = E4328143138ABC890047C5CB /* openFrameworksLib.xcodeproj */;
			proxyType = 2;
			remoteGlobalIDString = E4B27C1510CBEB8E00536013;
			remoteInfo = openFrameworks;
		};
		E4EEB9AB138B136A00A80321 /* PBXContainerItemProxy */ = {
			isa = PBXContainerItemProxy;
			containerPortal = E4328143138ABC890047C5CB /* openFrameworksLib.xcodeproj */;
			proxyType = 1;
			remoteGlobalIDString = E4B27C1410CBEB8E00536013;
			remoteInfo = openFrameworks;
		};
/* End PBXContainerItemProxy section */

/* Begin PBXCopyFilesBuildPhase section */
		E4C2427710CC5ABF004149E2 /* CopyFiles */ = {
			isa = PBXCopyFilesBuildPhase;
			buildActionMask = 2147483647;
			dstPath = "";
			dstSubfolderSpec = 10;
			files = (
			);
			runOnlyForDeploymentPostprocessing = 0;
		};
/* End PBXCopyFilesBuildPhase section */

/* Begin PBXFileReference section */
		01B6435CBA1B2079B2322F43 /* Transform.h */ = {isa = PBXFileReference; explicitFileType = sourcecode.c.h; fileEncoding = 30; name = Transform.h; path = ../../../addons/ofxSelflash/src/fl2d/geom/Transform.h; sourceTree = SOURCE_ROOT; };
		023E5D6BD941DEE7F969D565 /* MovieClip.cpp */ = {isa = PBXFileReference; explicitFileType = sourcecode.cpp.cpp; fileEncoding = 30; name = MovieClip.cpp; path = ../../../addons/ofxSelflash/src/fl2d/display/MovieClip.cpp; sourceTree = SOURCE_ROOT; };
		028D6539BD527C596E3DBAC1 /* EventHandler.h */ = {isa = PBXFileReference; explicitFileType = sourcecode.c.h; fileEncoding = 30; name = EventHandler.h; path = ../../../addons/ofxSelflash/src/fl2d/events/EventHandler.h; sourceTree = SOURCE_ROOT; };
		062789D17FA12DC05823D76B /* BlendMode.cpp */ = {isa = PBXFileReference; explicitFileType = sourcecode.cpp.cpp; fileEncoding = 30; name = BlendMode.cpp; path = ../../../addons/ofxSelflash/src/fl2d/display/BlendMode.cpp; sourceTree = SOURCE_ROOT; };
		06832DA7E5ABD037E32A91DE /* SoundEvent.h */ = {isa = PBXFileReference; explicitFileType = sourcecode.c.h; fileEncoding = 30; name = SoundEvent.h; path = ../../../addons/ofxSelflash/src/fl2d/events/SoundEvent.h; sourceTree = SOURCE_ROOT; };
		09890E72CEBB3A9E723B1953 /* Particle2D.h */ = {isa = PBXFileReference; explicitFileType = sourcecode.c.h; fileEncoding = 30; name = Particle2D.h; path = ../../../addons/ofxSelflash/src/fl2d/geom/Particle2D.h; sourceTree = SOURCE_ROOT; };
		1100C1A79F8ED8E4AE9402E9 /* Vec2Slider.h */ = {isa = PBXFileReference; explicitFileType = sourcecode.c.h; fileEncoding = 30; name = Vec2Slider.h; path = ../../../addons/ofxSelflash/src/fl2d/ui/Vec2Slider.h; sourceTree = SOURCE_ROOT; };
		119640811DCC998700224B46 /* Container.cpp */ = {isa = PBXFileReference; fileEncoding = 4; lastKnownFileType = sourcecode.cpp.cpp; path = Container.cpp; sourceTree = "<group>"; };
		119640821DCC998700224B46 /* Container.h */ = {isa = PBXFileReference; fileEncoding = 4; lastKnownFileType = sourcecode.c.h; path = Container.h; sourceTree = "<group>"; };
		119640831DCC998700224B46 /* CustomSpriteA.cpp */ = {isa = PBXFileReference; fileEncoding = 4; lastKnownFileType = sourcecode.cpp.cpp; path = CustomSpriteA.cpp; sourceTree = "<group>"; };
		119640841DCC998700224B46 /* CustomSpriteA.h */ = {isa = PBXFileReference; fileEncoding = 4; lastKnownFileType = sourcecode.c.h; path = CustomSpriteA.h; sourceTree = "<group>"; };
		11CDE014AAB3CE676B80B47F /* Button.h */ = {isa = PBXFileReference; explicitFileType = sourcecode.c.h; fileEncoding = 30; name = Button.h; path = ../../../addons/ofxSelflash/src/fl2d/ui/Button.h; sourceTree = SOURCE_ROOT; };
		124F661C0057DC01DA2D7A80 /* Vec3Slider.cpp */ = {isa = PBXFileReference; explicitFileType = sourcecode.cpp.cpp; fileEncoding = 30; name = Vec3Slider.cpp; path = ../../../addons/ofxSelflash/src/fl2d/ui/Vec3Slider.cpp; sourceTree = SOURCE_ROOT; };
		140A801B9F36D6BABFF92354 /* Flash2D.h */ = {isa = PBXFileReference; explicitFileType = sourcecode.c.h; fileEncoding = 30; name = Flash2D.h; path = ../../../addons/ofxSelflash/src/fl2d/Flash2D.h; sourceTree = SOURCE_ROOT; };
		17E2E964F4C7EBBB0FBF015D /* BItmap.h */ = {isa = PBXFileReference; explicitFileType = sourcecode.c.h; fileEncoding = 30; name = BItmap.h; path = ../../../addons/ofxSelflash/src/fl2d/display/BItmap.h; sourceTree = SOURCE_ROOT; };
		18B89E1ABB14F25ED5C24B86 /* NumberDialer.cpp */ = {isa = PBXFileReference; explicitFileType = sourcecode.cpp.cpp; fileEncoding = 30; name = NumberDialer.cpp; path = ../../../addons/ofxSelflash/src/fl2d/ui/NumberDialer.cpp; sourceTree = SOURCE_ROOT; };
		1BCAF75614C4443162AD1A09 /* RangeSlider.h */ = {isa = PBXFileReference; explicitFileType = sourcecode.c.h; fileEncoding = 30; name = RangeSlider.h; path = ../../../addons/ofxSelflash/src/fl2d/ui/RangeSlider.h; sourceTree = SOURCE_ROOT; };
		1BFCC737129B5043B3565D99 /* InteractiveObject.h */ = {isa = PBXFileReference; explicitFileType = sourcecode.c.h; fileEncoding = 30; name = InteractiveObject.h; path = ../../../addons/ofxSelflash/src/fl2d/display/InteractiveObject.h; sourceTree = SOURCE_ROOT; };
		1F353272AD60D404636FD941 /* ComboBox.cpp */ = {isa = PBXFileReference; explicitFileType = sourcecode.cpp.cpp; fileEncoding = 30; name = ComboBox.cpp; path = ../../../addons/ofxSelflash/src/fl2d/ui/ComboBox.cpp; sourceTree = SOURCE_ROOT; };
		1FD0106EF7016167887D1F26 /* Shape.h */ = {isa = PBXFileReference; explicitFileType = sourcecode.c.h; fileEncoding = 30; name = Shape.h; path = ../../../addons/ofxSelflash/src/fl2d/display/Shape.h; sourceTree = SOURCE_ROOT; };
		21D9F4E25DD095979198CC2E /* ComboBoxEvent.cpp */ = {isa = PBXFileReference; explicitFileType = sourcecode.cpp.cpp; fileEncoding = 30; name = ComboBoxEvent.cpp; path = ../../../addons/ofxSelflash/src/fl2d/events/ComboBoxEvent.cpp; sourceTree = SOURCE_ROOT; };
		221277F3C05DE49CCF8F39A7 /* RotarySlider.h */ = {isa = PBXFileReference; explicitFileType = sourcecode.c.h; fileEncoding = 30; name = RotarySlider.h; path = ../../../addons/ofxSelflash/src/fl2d/ui/RotarySlider.h; sourceTree = SOURCE_ROOT; };
		24070469E9701D65A193FC56 /* PadEvent.h */ = {isa = PBXFileReference; explicitFileType = sourcecode.c.h; fileEncoding = 30; name = PadEvent.h; path = ../../../addons/ofxSelflash/src/fl2d/events/PadEvent.h; sourceTree = SOURCE_ROOT; };
		266553C9E540C2E26F980370 /* ScrollKit.cpp */ = {isa = PBXFileReference; explicitFileType = sourcecode.cpp.cpp; fileEncoding = 30; name = ScrollKit.cpp; path = ../../../addons/ofxSelflash/src/fl2d/ui/ScrollKit.cpp; sourceTree = SOURCE_ROOT; };
		27E8EB31EBCCB8752E638E17 /* InteractiveObject.cpp */ = {isa = PBXFileReference; explicitFileType = sourcecode.cpp.cpp; fileEncoding = 30; name = InteractiveObject.cpp; path = ../../../addons/ofxSelflash/src/fl2d/display/InteractiveObject.cpp; sourceTree = SOURCE_ROOT; };
		2A1B640305B12E7F8C79956B /* Object.cpp */ = {isa = PBXFileReference; explicitFileType = sourcecode.cpp.cpp; fileEncoding = 30; name = Object.cpp; path = ../../../addons/ofxSelflash/src/fl2d/core/Object.cpp; sourceTree = SOURCE_ROOT; };
		2FA975E190A197E5614AFC5A /* TextFieldAutoSize.h */ = {isa = PBXFileReference; explicitFileType = sourcecode.c.h; fileEncoding = 30; name = TextFieldAutoSize.h; path = ../../../addons/ofxSelflash/src/fl2d/texts/TextFieldAutoSize.h; sourceTree = SOURCE_ROOT; };
		306FA0BAC24424B4C41CCB14 /* JoyStick2D.h */ = {isa = PBXFileReference; explicitFileType = sourcecode.c.h; fileEncoding = 30; name = JoyStick2D.h; path = ../../../addons/ofxSelflash/src/fl2d/ui/JoyStick2D.h; sourceTree = SOURCE_ROOT; };
		3634C362E960536F92A5EF02 /* Sprite.cpp */ = {isa = PBXFileReference; explicitFileType = sourcecode.cpp.cpp; fileEncoding = 30; name = Sprite.cpp; path = ../../../addons/ofxSelflash/src/fl2d/display/Sprite.cpp; sourceTree = SOURCE_ROOT; };
		3718D2D878F22EECAD5CCE7B /* Pad2D.h */ = {isa = PBXFileReference; explicitFileType = sourcecode.c.h; fileEncoding = 30; name = Pad2D.h; path = ../../../addons/ofxSelflash/src/fl2d/ui/Pad2D.h; sourceTree = SOURCE_ROOT; };
		37CEF776AD3652D4E698D348 /* BitmapData.h */ = {isa = PBXFileReference; explicitFileType = sourcecode.c.h; fileEncoding = 30; name = BitmapData.h; path = ../../../addons/ofxSelflash/src/fl2d/display/BitmapData.h; sourceTree = SOURCE_ROOT; };
		37DCA6DEB377242CDA3434FB /* Loader.h */ = {isa = PBXFileReference; explicitFileType = sourcecode.c.h; fileEncoding = 30; name = Loader.h; path = ../../../addons/ofxSelflash/src/fl2d/net/Loader.h; sourceTree = SOURCE_ROOT; };
		3A86F61622A96F9B2AAEE1E0 /* RotarySlider.cpp */ = {isa = PBXFileReference; explicitFileType = sourcecode.cpp.cpp; fileEncoding = 30; name = RotarySlider.cpp; path = ../../../addons/ofxSelflash/src/fl2d/ui/RotarySlider.cpp; sourceTree = SOURCE_ROOT; };
		3D17127F8B05C4D740974143 /* Slider.cpp */ = {isa = PBXFileReference; explicitFileType = sourcecode.cpp.cpp; fileEncoding = 30; name = Slider.cpp; path = ../../../addons/ofxSelflash/src/fl2d/ui/Slider.cpp; sourceTree = SOURCE_ROOT; };
		3DE7B809EC0A52F68EE1DA76 /* Pad3D.cpp */ = {isa = PBXFileReference; explicitFileType = sourcecode.cpp.cpp; fileEncoding = 30; name = Pad3D.cpp; path = ../../../addons/ofxSelflash/src/fl2d/ui/Pad3D.cpp; sourceTree = SOURCE_ROOT; };
		3E6B7E87CDBBF8C14E5DE718 /* Keyboard.cpp */ = {isa = PBXFileReference; explicitFileType = sourcecode.cpp.cpp; fileEncoding = 30; name = Keyboard.cpp; path = ../../../addons/ofxSelflash/src/fl2d/ui/Keyboard.cpp; sourceTree = SOURCE_ROOT; };
		4069E9F27C9AD0C06E6DC719 /* TextField.cpp */ = {isa = PBXFileReference; explicitFileType = sourcecode.cpp.cpp; fileEncoding = 30; name = TextField.cpp; path = ../../../addons/ofxSelflash/src/fl2d/texts/TextField.cpp; sourceTree = SOURCE_ROOT; };
		40CCF8A4E3D12BCC697AB0F2 /* ButtonEvent.cpp */ = {isa = PBXFileReference; explicitFileType = sourcecode.cpp.cpp; fileEncoding = 30; name = ButtonEvent.cpp; path = ../../../addons/ofxSelflash/src/fl2d/events/ButtonEvent.cpp; sourceTree = SOURCE_ROOT; };
		4147E7384A85E1CF87A8E466 /* DisplayObjectContainer.h */ = {isa = PBXFileReference; explicitFileType = sourcecode.c.h; fileEncoding = 30; name = DisplayObjectContainer.h; path = ../../../addons/ofxSelflash/src/fl2d/display/DisplayObjectContainer.h; sourceTree = SOURCE_ROOT; };
		436D127F6297203DD6426905 /* BItmap.cpp */ = {isa = PBXFileReference; explicitFileType = sourcecode.cpp.cpp; fileEncoding = 30; name = BItmap.cpp; path = ../../../addons/ofxSelflash/src/fl2d/display/BItmap.cpp; sourceTree = SOURCE_ROOT; };
		441F95DB750DA18EC9324557 /* FocusEvent.h */ = {isa = PBXFileReference; explicitFileType = sourcecode.c.h; fileEncoding = 30; name = FocusEvent.h; path = ../../../addons/ofxSelflash/src/fl2d/events/FocusEvent.h; sourceTree = SOURCE_ROOT; };
		45233E53B2B61A96360CA807 /* Rectangle.cpp */ = {isa = PBXFileReference; explicitFileType = sourcecode.cpp.cpp; fileEncoding = 30; name = Rectangle.cpp; path = ../../../addons/ofxSelflash/src/fl2d/geom/Rectangle.cpp; sourceTree = SOURCE_ROOT; };
		474EB80D04414EB5A323382C /* NumberDialerEvent.h */ = {isa = PBXFileReference; explicitFileType = sourcecode.c.h; fileEncoding = 30; name = NumberDialerEvent.h; path = ../../../addons/ofxSelflash/src/fl2d/events/NumberDialerEvent.h; sourceTree = SOURCE_ROOT; };
		4C6966F5DEF63F897E9A7728 /* EventDispatcher.cpp */ = {isa = PBXFileReference; explicitFileType = sourcecode.cpp.cpp; fileEncoding = 30; name = EventDispatcher.cpp; path = ../../../addons/ofxSelflash/src/fl2d/events/EventDispatcher.cpp; sourceTree = SOURCE_ROOT; };
		4FE918E71E3B4C43BBCEAAD6 /* Rectangle.h */ = {isa = PBXFileReference; explicitFileType = sourcecode.c.h; fileEncoding = 30; name = Rectangle.h; path = ../../../addons/ofxSelflash/src/fl2d/geom/Rectangle.h; sourceTree = SOURCE_ROOT; };
		526BD9569CD59A26EAFA768C /* AnimationEvent.h */ = {isa = PBXFileReference; explicitFileType = sourcecode.c.h; fileEncoding = 30; name = AnimationEvent.h; path = ../../../addons/ofxSelflash/src/fl2d/events/AnimationEvent.h; sourceTree = SOURCE_ROOT; };
		54C0BA464FA57AA8E96DBD34 /* Particle2D.cpp */ = {isa = PBXFileReference; explicitFileType = sourcecode.cpp.cpp; fileEncoding = 30; name = Particle2D.cpp; path = ../../../addons/ofxSelflash/src/fl2d/geom/Particle2D.cpp; sourceTree = SOURCE_ROOT; };
		57CF876033F0FBB47A46B764 /* ColorSliderEvent.cpp */ = {isa = PBXFileReference; explicitFileType = sourcecode.cpp.cpp; fileEncoding = 30; name = ColorSliderEvent.cpp; path = ../../../addons/ofxSelflash/src/fl2d/events/ColorSliderEvent.cpp; sourceTree = SOURCE_ROOT; };
		5A01CC6B14B154761FB61DB8 /* Button.cpp */ = {isa = PBXFileReference; explicitFileType = sourcecode.cpp.cpp; fileEncoding = 30; name = Button.cpp; path = ../../../addons/ofxSelflash/src/fl2d/ui/Button.cpp; sourceTree = SOURCE_ROOT; };
		62036049E97E32AA95F053E8 /* Stage.cpp */ = {isa = PBXFileReference; explicitFileType = sourcecode.cpp.cpp; fileEncoding = 30; name = Stage.cpp; path = ../../../addons/ofxSelflash/src/fl2d/display/Stage.cpp; sourceTree = SOURCE_ROOT; };
		633425CA7B7C7C6C6CA6F80C /* CircleColorPicker.cpp */ = {isa = PBXFileReference; explicitFileType = sourcecode.cpp.cpp; fileEncoding = 30; name = CircleColorPicker.cpp; path = ../../../addons/ofxSelflash/src/fl2d/ui/CircleColorPicker.cpp; sourceTree = SOURCE_ROOT; };
		64C923C1E696CF765B8D5E58 /* Vec3SliderEvent.h */ = {isa = PBXFileReference; explicitFileType = sourcecode.c.h; fileEncoding = 30; name = Vec3SliderEvent.h; path = ../../../addons/ofxSelflash/src/fl2d/events/Vec3SliderEvent.h; sourceTree = SOURCE_ROOT; };
		6539B47A2EDBF4AE23BB7A1C /* ButtonEvent.h */ = {isa = PBXFileReference; explicitFileType = sourcecode.c.h; fileEncoding = 30; name = ButtonEvent.h; path = ../../../addons/ofxSelflash/src/fl2d/events/ButtonEvent.h; sourceTree = SOURCE_ROOT; };
		65612230B09DD334B67AF436 /* Vec2SliderEvent.h */ = {isa = PBXFileReference; explicitFileType = sourcecode.c.h; fileEncoding = 30; name = Vec2SliderEvent.h; path = ../../../addons/ofxSelflash/src/fl2d/events/Vec2SliderEvent.h; sourceTree = SOURCE_ROOT; };
		681A38406B09A03B3D1DE17C /* TextFieldAutoSize.cpp */ = {isa = PBXFileReference; explicitFileType = sourcecode.cpp.cpp; fileEncoding = 30; name = TextFieldAutoSize.cpp; path = ../../../addons/ofxSelflash/src/fl2d/texts/TextFieldAutoSize.cpp; sourceTree = SOURCE_ROOT; };
		6AF7F0E2E96C70DE1C94B342 /* RadioButton.h */ = {isa = PBXFileReference; explicitFileType = sourcecode.c.h; fileEncoding = 30; name = RadioButton.h; path = ../../../addons/ofxSelflash/src/fl2d/ui/RadioButton.h; sourceTree = SOURCE_ROOT; };
		6C6E9BF77DA0F497B462FE99 /* Flash2D.cpp */ = {isa = PBXFileReference; explicitFileType = sourcecode.cpp.cpp; fileEncoding = 30; name = Flash2D.cpp; path = ../../../addons/ofxSelflash/src/fl2d/Flash2D.cpp; sourceTree = SOURCE_ROOT; };
		6E6D307D1EA1E0898CDF39BE /* Joystick2DEvent.cpp */ = {isa = PBXFileReference; explicitFileType = sourcecode.cpp.cpp; fileEncoding = 30; name = Joystick2DEvent.cpp; path = ../../../addons/ofxSelflash/src/fl2d/events/Joystick2DEvent.cpp; sourceTree = SOURCE_ROOT; };
		70269585EBCBFFE8AE4411D6 /* MathUtil.h */ = {isa = PBXFileReference; explicitFileType = sourcecode.c.h; fileEncoding = 30; name = MathUtil.h; path = ../../../addons/ofxSelflash/src/utils/MathUtil.h; sourceTree = SOURCE_ROOT; };
		71C2A728982DDC2B06B76635 /* RangeSlider.cpp */ = {isa = PBXFileReference; explicitFileType = sourcecode.cpp.cpp; fileEncoding = 30; name = RangeSlider.cpp; path = ../../../addons/ofxSelflash/src/fl2d/ui/RangeSlider.cpp; sourceTree = SOURCE_ROOT; };
		7A25F3C10BF47B63FDA9A0DD /* Transform.cpp */ = {isa = PBXFileReference; explicitFileType = sourcecode.cpp.cpp; fileEncoding = 30; name = Transform.cpp; path = ../../../addons/ofxSelflash/src/fl2d/geom/Transform.cpp; sourceTree = SOURCE_ROOT; };
		7BE3CB8D2A2EC8165EC3120B /* SliderEvent.cpp */ = {isa = PBXFileReference; explicitFileType = sourcecode.cpp.cpp; fileEncoding = 30; name = SliderEvent.cpp; path = ../../../addons/ofxSelflash/src/fl2d/events/SliderEvent.cpp; sourceTree = SOURCE_ROOT; };
		7E583C42DC3EE685FAD0551A /* JoyStick1DEvent.h */ = {isa = PBXFileReference; explicitFileType = sourcecode.c.h; fileEncoding = 30; name = JoyStick1DEvent.h; path = ../../../addons/ofxSelflash/src/fl2d/events/JoyStick1DEvent.h; sourceTree = SOURCE_ROOT; };
		7F3C203D48036262A47E7017 /* KeyboardEvent.cpp */ = {isa = PBXFileReference; explicitFileType = sourcecode.cpp.cpp; fileEncoding = 30; name = KeyboardEvent.cpp; path = ../../../addons/ofxSelflash/src/fl2d/events/KeyboardEvent.cpp; sourceTree = SOURCE_ROOT; };
		81022B629DBD3EBE5D1B12E0 /* AnimationEvent.cpp */ = {isa = PBXFileReference; explicitFileType = sourcecode.cpp.cpp; fileEncoding = 30; name = AnimationEvent.cpp; path = ../../../addons/ofxSelflash/src/fl2d/events/AnimationEvent.cpp; sourceTree = SOURCE_ROOT; };
		81E48CFAB2BD699541C09BE5 /* BitmapData.cpp */ = {isa = PBXFileReference; explicitFileType = sourcecode.cpp.cpp; fileEncoding = 30; name = BitmapData.cpp; path = ../../../addons/ofxSelflash/src/fl2d/display/BitmapData.cpp; sourceTree = SOURCE_ROOT; };
		81F128CEE8ED00756B6A7A61 /* Graphics.h */ = {isa = PBXFileReference; explicitFileType = sourcecode.c.h; fileEncoding = 30; name = Graphics.h; path = ../../../addons/ofxSelflash/src/fl2d/display/Graphics.h; sourceTree = SOURCE_ROOT; };
		8408C6CEFEF11A13AFD05C36 /* Vec3Slider.h */ = {isa = PBXFileReference; explicitFileType = sourcecode.c.h; fileEncoding = 30; name = Vec3Slider.h; path = ../../../addons/ofxSelflash/src/fl2d/ui/Vec3Slider.h; sourceTree = SOURCE_ROOT; };
		8497FD43E9A4F44163BB3585 /* DisplayObject.cpp */ = {isa = PBXFileReference; explicitFileType = sourcecode.cpp.cpp; fileEncoding = 30; name = DisplayObject.cpp; path = ../../../addons/ofxSelflash/src/fl2d/display/DisplayObject.cpp; sourceTree = SOURCE_ROOT; };
		86A080A50CBDDD24480EEC98 /* Sprite.h */ = {isa = PBXFileReference; explicitFileType = sourcecode.c.h; fileEncoding = 30; name = Sprite.h; path = ../../../addons/ofxSelflash/src/fl2d/display/Sprite.h; sourceTree = SOURCE_ROOT; };
		88CF517EAA3CE5BF870884BC /* ofxSelflash.h */ = {isa = PBXFileReference; explicitFileType = sourcecode.c.h; fileEncoding = 30; name = ofxSelflash.h; path = ../../../addons/ofxSelflash/src/ofxSelflash.h; sourceTree = SOURCE_ROOT; };
		89F6BC0741BC066951CD5059 /* Vec2Slider.cpp */ = {isa = PBXFileReference; explicitFileType = sourcecode.cpp.cpp; fileEncoding = 30; name = Vec2Slider.cpp; path = ../../../addons/ofxSelflash/src/fl2d/ui/Vec2Slider.cpp; sourceTree = SOURCE_ROOT; };
		8C57F1A5000BFB80FF53B115 /* Shape.cpp */ = {isa = PBXFileReference; explicitFileType = sourcecode.cpp.cpp; fileEncoding = 30; name = Shape.cpp; path = ../../../addons/ofxSelflash/src/fl2d/display/Shape.cpp; sourceTree = SOURCE_ROOT; };
		8D341B647E42453144140B4F /* Font.h */ = {isa = PBXFileReference; explicitFileType = sourcecode.c.h; fileEncoding = 30; name = Font.h; path = ../../../addons/ofxSelflash/src/fl2d/texts/Font.h; sourceTree = SOURCE_ROOT; };
		8FAB1CAEA2380F6F375929FF /* ColorSliderEvent.h */ = {isa = PBXFileReference; explicitFileType = sourcecode.c.h; fileEncoding = 30; name = ColorSliderEvent.h; path = ../../../addons/ofxSelflash/src/fl2d/events/ColorSliderEvent.h; sourceTree = SOURCE_ROOT; };
		90A420FD0142F54B9D0958E2 /* ComboBox.h */ = {isa = PBXFileReference; explicitFileType = sourcecode.c.h; fileEncoding = 30; name = ComboBox.h; path = ../../../addons/ofxSelflash/src/fl2d/ui/ComboBox.h; sourceTree = SOURCE_ROOT; };
		91457DA735C4CB614B5C9D13 /* ColorTransform.h */ = {isa = PBXFileReference; explicitFileType = sourcecode.c.h; fileEncoding = 30; name = ColorTransform.h; path = ../../../addons/ofxSelflash/src/fl2d/geom/ColorTransform.h; sourceTree = SOURCE_ROOT; };
		934C907048A975D99C0815F1 /* DisplayObjectContainer.cpp */ = {isa = PBXFileReference; explicitFileType = sourcecode.cpp.cpp; fileEncoding = 30; name = DisplayObjectContainer.cpp; path = ../../../addons/ofxSelflash/src/fl2d/display/DisplayObjectContainer.cpp; sourceTree = SOURCE_ROOT; };
		93C6AF21C4A52C5C39B333F0 /* ColorTransform.cpp */ = {isa = PBXFileReference; explicitFileType = sourcecode.cpp.cpp; fileEncoding = 30; name = ColorTransform.cpp; path = ../../../addons/ofxSelflash/src/fl2d/geom/ColorTransform.cpp; sourceTree = SOURCE_ROOT; };
		957128B5483769122EEBDA23 /* JoyStick1D.cpp */ = {isa = PBXFileReference; explicitFileType = sourcecode.cpp.cpp; fileEncoding = 30; name = JoyStick1D.cpp; path = ../../../addons/ofxSelflash/src/fl2d/ui/JoyStick1D.cpp; sourceTree = SOURCE_ROOT; };
		95DF8889396F3F8A4866B552 /* DisplayObject.h */ = {isa = PBXFileReference; explicitFileType = sourcecode.c.h; fileEncoding = 30; name = DisplayObject.h; path = ../../../addons/ofxSelflash/src/fl2d/display/DisplayObject.h; sourceTree = SOURCE_ROOT; };
		9691035A4C798136A7457265 /* MovieClip.h */ = {isa = PBXFileReference; explicitFileType = sourcecode.c.h; fileEncoding = 30; name = MovieClip.h; path = ../../../addons/ofxSelflash/src/fl2d/display/MovieClip.h; sourceTree = SOURCE_ROOT; };
		9A0862D23E156094B32902B1 /* Pad2D.cpp */ = {isa = PBXFileReference; explicitFileType = sourcecode.cpp.cpp; fileEncoding = 30; name = Pad2D.cpp; path = ../../../addons/ofxSelflash/src/fl2d/ui/Pad2D.cpp; sourceTree = SOURCE_ROOT; };
		9A9F224F3C0B709AF7805E1D /* Graphics.cpp */ = {isa = PBXFileReference; explicitFileType = sourcecode.cpp.cpp; fileEncoding = 30; name = Graphics.cpp; path = ../../../addons/ofxSelflash/src/fl2d/display/Graphics.cpp; sourceTree = SOURCE_ROOT; };
		9B1D5139CE40A3EE68DF10CE /* Font.cpp */ = {isa = PBXFileReference; explicitFileType = sourcecode.cpp.cpp; fileEncoding = 30; name = Font.cpp; path = ../../../addons/ofxSelflash/src/fl2d/texts/Font.cpp; sourceTree = SOURCE_ROOT; };
		9D54BFF96DC12D1A1F5A9954 /* Slider.h */ = {isa = PBXFileReference; explicitFileType = sourcecode.c.h; fileEncoding = 30; name = Slider.h; path = ../../../addons/ofxSelflash/src/fl2d/ui/Slider.h; sourceTree = SOURCE_ROOT; };
		9DA508BF0A7DA48076722B6E /* TextField.h */ = {isa = PBXFileReference; explicitFileType = sourcecode.c.h; fileEncoding = 30; name = TextField.h; path = ../../../addons/ofxSelflash/src/fl2d/texts/TextField.h; sourceTree = SOURCE_ROOT; };
		A0851D7075A9E890852E9DF4 /* NumberDialerEvent.cpp */ = {isa = PBXFileReference; explicitFileType = sourcecode.cpp.cpp; fileEncoding = 30; name = NumberDialerEvent.cpp; path = ../../../addons/ofxSelflash/src/fl2d/events/NumberDialerEvent.cpp; sourceTree = SOURCE_ROOT; };
		A42B53F8B6BD90FA18BA60E0 /* RadioButtonEvent.cpp */ = {isa = PBXFileReference; explicitFileType = sourcecode.cpp.cpp; fileEncoding = 30; name = RadioButtonEvent.cpp; path = ../../../addons/ofxSelflash/src/fl2d/events/RadioButtonEvent.cpp; sourceTree = SOURCE_ROOT; };
		A4E31BD8F4BE3821DD629A18 /* Pad3D.h */ = {isa = PBXFileReference; explicitFileType = sourcecode.c.h; fileEncoding = 30; name = Pad3D.h; path = ../../../addons/ofxSelflash/src/fl2d/ui/Pad3D.h; sourceTree = SOURCE_ROOT; };
		A62A74E969D82FF7F661AFAB /* Event.cpp */ = {isa = PBXFileReference; explicitFileType = sourcecode.cpp.cpp; fileEncoding = 30; name = Event.cpp; path = ../../../addons/ofxSelflash/src/fl2d/events/Event.cpp; sourceTree = SOURCE_ROOT; };
		ACD2CD794DFBAFDDC8525246 /* CircleColorPicker.h */ = {isa = PBXFileReference; explicitFileType = sourcecode.c.h; fileEncoding = 30; name = CircleColorPicker.h; path = ../../../addons/ofxSelflash/src/fl2d/ui/CircleColorPicker.h; sourceTree = SOURCE_ROOT; };
		AD3F44F299F8B18FF1FD192A /* Matrix.h */ = {isa = PBXFileReference; explicitFileType = sourcecode.c.h; fileEncoding = 30; name = Matrix.h; path = ../../../addons/ofxSelflash/src/fl2d/geom/Matrix.h; sourceTree = SOURCE_ROOT; };
		B5AE32969766115EF96458F7 /* FocusEvent.cpp */ = {isa = PBXFileReference; explicitFileType = sourcecode.cpp.cpp; fileEncoding = 30; name = FocusEvent.cpp; path = ../../../addons/ofxSelflash/src/fl2d/events/FocusEvent.cpp; sourceTree = SOURCE_ROOT; };
		B69DF379BD34F785A1BBB8C8 /* Matrix.cpp */ = {isa = PBXFileReference; explicitFileType = sourcecode.cpp.cpp; fileEncoding = 30; name = Matrix.cpp; path = ../../../addons/ofxSelflash/src/fl2d/geom/Matrix.cpp; sourceTree = SOURCE_ROOT; };
		B78C9D4C8C3B78FA80A7BC37 /* RadioButton.cpp */ = {isa = PBXFileReference; explicitFileType = sourcecode.cpp.cpp; fileEncoding = 30; name = RadioButton.cpp; path = ../../../addons/ofxSelflash/src/fl2d/ui/RadioButton.cpp; sourceTree = SOURCE_ROOT; };
		B9D0B60EAE29B9EE9EB099AD /* RangeSliderEvent.h */ = {isa = PBXFileReference; explicitFileType = sourcecode.c.h; fileEncoding = 30; name = RangeSliderEvent.h; path = ../../../addons/ofxSelflash/src/fl2d/events/RangeSliderEvent.h; sourceTree = SOURCE_ROOT; };
		BB66B8873D744791C7D5E6E8 /* NativeWindow.h */ = {isa = PBXFileReference; explicitFileType = sourcecode.c.h; fileEncoding = 30; name = NativeWindow.h; path = ../../../addons/ofxSelflash/src/utils/NativeWindow.h; sourceTree = SOURCE_ROOT; };
		BC64E855C301C0F788C8D50D /* Joystick2DEvent.h */ = {isa = PBXFileReference; explicitFileType = sourcecode.c.h; fileEncoding = 30; name = Joystick2DEvent.h; path = ../../../addons/ofxSelflash/src/fl2d/events/Joystick2DEvent.h; sourceTree = SOURCE_ROOT; };
		BF4981CCC97A99805935CD88 /* MouseEvent.h */ = {isa = PBXFileReference; explicitFileType = sourcecode.c.h; fileEncoding = 30; name = MouseEvent.h; path = ../../../addons/ofxSelflash/src/fl2d/events/MouseEvent.h; sourceTree = SOURCE_ROOT; };
		C1E30EF9E987DE97F5507F42 /* EventDispatcher.h */ = {isa = PBXFileReference; explicitFileType = sourcecode.c.h; fileEncoding = 30; name = EventDispatcher.h; path = ../../../addons/ofxSelflash/src/fl2d/events/EventDispatcher.h; sourceTree = SOURCE_ROOT; };
		C790E9510D43CCCBB5C29B2F /* ComboBoxEvent.h */ = {isa = PBXFileReference; explicitFileType = sourcecode.c.h; fileEncoding = 30; name = ComboBoxEvent.h; path = ../../../addons/ofxSelflash/src/fl2d/events/ComboBoxEvent.h; sourceTree = SOURCE_ROOT; };
		CBB773CC584B44772A4F2EAD /* ScrollKit.h */ = {isa = PBXFileReference; explicitFileType = sourcecode.c.h; fileEncoding = 30; name = ScrollKit.h; path = ../../../addons/ofxSelflash/src/fl2d/ui/ScrollKit.h; sourceTree = SOURCE_ROOT; };
		CBF0ACCDC27DDD07EB4EB9CD /* NumberDialer.h */ = {isa = PBXFileReference; explicitFileType = sourcecode.c.h; fileEncoding = 30; name = NumberDialer.h; path = ../../../addons/ofxSelflash/src/fl2d/ui/NumberDialer.h; sourceTree = SOURCE_ROOT; };
		D33309C62282C44DCF471E50 /* FlashConfig.h */ = {isa = PBXFileReference; explicitFileType = sourcecode.c.h; fileEncoding = 30; name = FlashConfig.h; path = ../../../addons/ofxSelflash/src/fl2d/FlashConfig.h; sourceTree = SOURCE_ROOT; };
		D89AE6B40385205E20EABA81 /* SoundEvent.cpp */ = {isa = PBXFileReference; explicitFileType = sourcecode.cpp.cpp; fileEncoding = 30; name = SoundEvent.cpp; path = ../../../addons/ofxSelflash/src/fl2d/events/SoundEvent.cpp; sourceTree = SOURCE_ROOT; };
		DB45EAB0C524DE56F9DD1D34 /* MouseEvent.cpp */ = {isa = PBXFileReference; explicitFileType = sourcecode.cpp.cpp; fileEncoding = 30; name = MouseEvent.cpp; path = ../../../addons/ofxSelflash/src/fl2d/events/MouseEvent.cpp; sourceTree = SOURCE_ROOT; };
		DC25F665E4B7D87466C56A29 /* KeyboardEvent.h */ = {isa = PBXFileReference; explicitFileType = sourcecode.c.h; fileEncoding = 30; name = KeyboardEvent.h; path = ../../../addons/ofxSelflash/src/fl2d/events/KeyboardEvent.h; sourceTree = SOURCE_ROOT; };
		DDE24E5EB5A2387252F3ED6C /* SliderEvent.h */ = {isa = PBXFileReference; explicitFileType = sourcecode.c.h; fileEncoding = 30; name = SliderEvent.h; path = ../../../addons/ofxSelflash/src/fl2d/events/SliderEvent.h; sourceTree = SOURCE_ROOT; };
		DDF9C941BE61C6446964D89E /* JoyStick1DEvent.cpp */ = {isa = PBXFileReference; explicitFileType = sourcecode.cpp.cpp; fileEncoding = 30; name = JoyStick1DEvent.cpp; path = ../../../addons/ofxSelflash/src/fl2d/events/JoyStick1DEvent.cpp; sourceTree = SOURCE_ROOT; };
		DEE28607F6CE6D2205398D06 /* ColorSlider.cpp */ = {isa = PBXFileReference; explicitFileType = sourcecode.cpp.cpp; fileEncoding = 30; name = ColorSlider.cpp; path = ../../../addons/ofxSelflash/src/fl2d/ui/ColorSlider.cpp; sourceTree = SOURCE_ROOT; };
		DF4D7157C384BEC89AB55D3F /* ColorPickerEvent.h */ = {isa = PBXFileReference; explicitFileType = sourcecode.c.h; fileEncoding = 30; name = ColorPickerEvent.h; path = ../../../addons/ofxSelflash/src/fl2d/events/ColorPickerEvent.h; sourceTree = SOURCE_ROOT; };
		E227ED8010FD7BBBA73B3896 /* FlashConfig.cpp */ = {isa = PBXFileReference; explicitFileType = sourcecode.cpp.cpp; fileEncoding = 30; name = FlashConfig.cpp; path = ../../../addons/ofxSelflash/src/fl2d/FlashConfig.cpp; sourceTree = SOURCE_ROOT; };
		E3AF6A0256446552F943DA78 /* StringUtil.h */ = {isa = PBXFileReference; explicitFileType = sourcecode.c.h; fileEncoding = 30; name = StringUtil.h; path = ../../../addons/ofxSelflash/src/utils/StringUtil.h; sourceTree = SOURCE_ROOT; };
		E4328143138ABC890047C5CB /* openFrameworksLib.xcodeproj */ = {isa = PBXFileReference; lastKnownFileType = "wrapper.pb-project"; name = openFrameworksLib.xcodeproj; path = ../../../libs/openFrameworksCompiled/project/osx/openFrameworksLib.xcodeproj; sourceTree = SOURCE_ROOT; };
		E4B69B5B0A3A1756003C02F2 /* ofAppDebug.app */ = {isa = PBXFileReference; explicitFileType = wrapper.application; includeInIndex = 0; path = ofAppDebug.app; sourceTree = BUILT_PRODUCTS_DIR; };
		E4B69E1D0A3A1BDC003C02F2 /* main.cpp */ = {isa = PBXFileReference; fileEncoding = 30; lastKnownFileType = sourcecode.cpp.cpp; name = main.cpp; path = src/main.cpp; sourceTree = SOURCE_ROOT; };
		E4B69E1E0A3A1BDC003C02F2 /* ofApp.cpp */ = {isa = PBXFileReference; explicitFileType = sourcecode.cpp.cpp; fileEncoding = 30; name = ofApp.cpp; path = src/ofApp.cpp; sourceTree = SOURCE_ROOT; };
		E4B69E1F0A3A1BDC003C02F2 /* ofApp.h */ = {isa = PBXFileReference; fileEncoding = 30; lastKnownFileType = sourcecode.c.h; name = ofApp.h; path = src/ofApp.h; sourceTree = SOURCE_ROOT; };
		E4B6FCAD0C3E899E008CF71C /* openFrameworks-Info.plist */ = {isa = PBXFileReference; fileEncoding = 30; lastKnownFileType = text.plist.xml; path = "openFrameworks-Info.plist"; sourceTree = "<group>"; };
		E4EB691F138AFCF100A09F29 /* CoreOF.xcconfig */ = {isa = PBXFileReference; fileEncoding = 4; lastKnownFileType = text.xcconfig; name = CoreOF.xcconfig; path = ../../../libs/openFrameworksCompiled/project/osx/CoreOF.xcconfig; sourceTree = SOURCE_ROOT; };
		E4EB6923138AFD0F00A09F29 /* Project.xcconfig */ = {isa = PBXFileReference; fileEncoding = 4; lastKnownFileType = text.xcconfig; path = Project.xcconfig; sourceTree = "<group>"; };
		E64C74B9A4D68956D7120D64 /* Mouse.cpp */ = {isa = PBXFileReference; explicitFileType = sourcecode.cpp.objcpp; fileEncoding = 30; name = Mouse.cpp; path = ../../../addons/ofxSelflash/src/fl2d/ui/Mouse.cpp; sourceTree = SOURCE_ROOT; };
		E7100AAB26A4C9B1D232AC50 /* Mouse.h */ = {isa = PBXFileReference; explicitFileType = sourcecode.c.h; fileEncoding = 30; name = Mouse.h; path = ../../../addons/ofxSelflash/src/fl2d/ui/Mouse.h; sourceTree = SOURCE_ROOT; };
		E7847249D2215CB4D894FD4D /* Vec2SliderEvent.cpp */ = {isa = PBXFileReference; explicitFileType = sourcecode.cpp.cpp; fileEncoding = 30; name = Vec2SliderEvent.cpp; path = ../../../addons/ofxSelflash/src/fl2d/events/Vec2SliderEvent.cpp; sourceTree = SOURCE_ROOT; };
		E8A966482A8A174310116FCF /* Vec3SliderEvent.cpp */ = {isa = PBXFileReference; explicitFileType = sourcecode.cpp.cpp; fileEncoding = 30; name = Vec3SliderEvent.cpp; path = ../../../addons/ofxSelflash/src/fl2d/events/Vec3SliderEvent.cpp; sourceTree = SOURCE_ROOT; };
		E8C36764527AE9D7AE546001 /* ColorPickerEvent.cpp */ = {isa = PBXFileReference; explicitFileType = sourcecode.cpp.cpp; fileEncoding = 30; name = ColorPickerEvent.cpp; path = ../../../addons/ofxSelflash/src/fl2d/events/ColorPickerEvent.cpp; sourceTree = SOURCE_ROOT; };
		E9A747C536C9F60F4EC8E110 /* RangeSliderEvent.cpp */ = {isa = PBXFileReference; explicitFileType = sourcecode.cpp.cpp; fileEncoding = 30; name = RangeSliderEvent.cpp; path = ../../../addons/ofxSelflash/src/fl2d/events/RangeSliderEvent.cpp; sourceTree = SOURCE_ROOT; };
		EEFCD660DDC2634734F9226E /* NativeWindow.cpp */ = {isa = PBXFileReference; explicitFileType = sourcecode.cpp.objcpp; fileEncoding = 30; name = NativeWindow.cpp; path = ../../../addons/ofxSelflash/src/utils/NativeWindow.cpp; sourceTree = SOURCE_ROOT; };
		EF43BD7D57560CBEC986746B /* JoyStick2D.cpp */ = {isa = PBXFileReference; explicitFileType = sourcecode.cpp.cpp; fileEncoding = 30; name = JoyStick2D.cpp; path = ../../../addons/ofxSelflash/src/fl2d/ui/JoyStick2D.cpp; sourceTree = SOURCE_ROOT; };
		F49CB9F05E26A496564548E9 /* Keyboard.h */ = {isa = PBXFileReference; explicitFileType = sourcecode.c.h; fileEncoding = 30; name = Keyboard.h; path = ../../../addons/ofxSelflash/src/fl2d/ui/Keyboard.h; sourceTree = SOURCE_ROOT; };
		F576EEB49BF5AC2EB72580AB /* Event.h */ = {isa = PBXFileReference; explicitFileType = sourcecode.c.h; fileEncoding = 30; name = Event.h; path = ../../../addons/ofxSelflash/src/fl2d/events/Event.h; sourceTree = SOURCE_ROOT; };
		F71A244FCD58B0A52A7923EF /* RadioButtonEvent.h */ = {isa = PBXFileReference; explicitFileType = sourcecode.c.h; fileEncoding = 30; name = RadioButtonEvent.h; path = ../../../addons/ofxSelflash/src/fl2d/events/RadioButtonEvent.h; sourceTree = SOURCE_ROOT; };
		F912A29472C7B0E7FD00EFB2 /* PadEvent.cpp */ = {isa = PBXFileReference; explicitFileType = sourcecode.cpp.cpp; fileEncoding = 30; name = PadEvent.cpp; path = ../../../addons/ofxSelflash/src/fl2d/events/PadEvent.cpp; sourceTree = SOURCE_ROOT; };
		F9729818BE32412F1D4FEF25 /* Stage.h */ = {isa = PBXFileReference; explicitFileType = sourcecode.c.h; fileEncoding = 30; name = Stage.h; path = ../../../addons/ofxSelflash/src/fl2d/display/Stage.h; sourceTree = SOURCE_ROOT; };
		FAAB9730DFB0AF65E33A901D /* Object.h */ = {isa = PBXFileReference; explicitFileType = sourcecode.c.h; fileEncoding = 30; name = Object.h; path = ../../../addons/ofxSelflash/src/fl2d/core/Object.h; sourceTree = SOURCE_ROOT; };
		FBB6C913BAF8A7A8800E3AB8 /* ColorSlider.h */ = {isa = PBXFileReference; explicitFileType = sourcecode.c.h; fileEncoding = 30; name = ColorSlider.h; path = ../../../addons/ofxSelflash/src/fl2d/ui/ColorSlider.h; sourceTree = SOURCE_ROOT; };
		FC7640369DCDCE0E5D027FA6 /* BlendMode.h */ = {isa = PBXFileReference; explicitFileType = sourcecode.c.h; fileEncoding = 30; name = BlendMode.h; path = ../../../addons/ofxSelflash/src/fl2d/display/BlendMode.h; sourceTree = SOURCE_ROOT; };
		FE9244FC835BDDE804946300 /* JoyStick1D.h */ = {isa = PBXFileReference; explicitFileType = sourcecode.c.h; fileEncoding = 30; name = JoyStick1D.h; path = ../../../addons/ofxSelflash/src/fl2d/ui/JoyStick1D.h; sourceTree = SOURCE_ROOT; };
/* End PBXFileReference section */

/* Begin PBXFrameworksBuildPhase section */
		E4B69B590A3A1756003C02F2 /* Frameworks */ = {
			isa = PBXFrameworksBuildPhase;
			buildActionMask = 2147483647;
			files = (
				E4328149138ABC9F0047C5CB /* openFrameworksDebug.a in Frameworks */,
			);
			runOnlyForDeploymentPostprocessing = 0;
		};
/* End PBXFrameworksBuildPhase section */

/* Begin PBXGroup section */
		351E758B47E30F7AE3C88CE9 /* ui */ = {
			isa = PBXGroup;
			children = (
				5A01CC6B14B154761FB61DB8 /* Button.cpp */,
				11CDE014AAB3CE676B80B47F /* Button.h */,
				633425CA7B7C7C6C6CA6F80C /* CircleColorPicker.cpp */,
				ACD2CD794DFBAFDDC8525246 /* CircleColorPicker.h */,
				DEE28607F6CE6D2205398D06 /* ColorSlider.cpp */,
				FBB6C913BAF8A7A8800E3AB8 /* ColorSlider.h */,
				1F353272AD60D404636FD941 /* ComboBox.cpp */,
				90A420FD0142F54B9D0958E2 /* ComboBox.h */,
				957128B5483769122EEBDA23 /* JoyStick1D.cpp */,
				FE9244FC835BDDE804946300 /* JoyStick1D.h */,
				EF43BD7D57560CBEC986746B /* JoyStick2D.cpp */,
				306FA0BAC24424B4C41CCB14 /* JoyStick2D.h */,
				3E6B7E87CDBBF8C14E5DE718 /* Keyboard.cpp */,
				F49CB9F05E26A496564548E9 /* Keyboard.h */,
				E64C74B9A4D68956D7120D64 /* Mouse.cpp */,
				E7100AAB26A4C9B1D232AC50 /* Mouse.h */,
				18B89E1ABB14F25ED5C24B86 /* NumberDialer.cpp */,
				CBF0ACCDC27DDD07EB4EB9CD /* NumberDialer.h */,
				9A0862D23E156094B32902B1 /* Pad2D.cpp */,
				3718D2D878F22EECAD5CCE7B /* Pad2D.h */,
				3DE7B809EC0A52F68EE1DA76 /* Pad3D.cpp */,
				A4E31BD8F4BE3821DD629A18 /* Pad3D.h */,
				B78C9D4C8C3B78FA80A7BC37 /* RadioButton.cpp */,
				6AF7F0E2E96C70DE1C94B342 /* RadioButton.h */,
				71C2A728982DDC2B06B76635 /* RangeSlider.cpp */,
				1BCAF75614C4443162AD1A09 /* RangeSlider.h */,
				3A86F61622A96F9B2AAEE1E0 /* RotarySlider.cpp */,
				221277F3C05DE49CCF8F39A7 /* RotarySlider.h */,
				266553C9E540C2E26F980370 /* ScrollKit.cpp */,
				CBB773CC584B44772A4F2EAD /* ScrollKit.h */,
				3D17127F8B05C4D740974143 /* Slider.cpp */,
				9D54BFF96DC12D1A1F5A9954 /* Slider.h */,
				89F6BC0741BC066951CD5059 /* Vec2Slider.cpp */,
				1100C1A79F8ED8E4AE9402E9 /* Vec2Slider.h */,
				124F661C0057DC01DA2D7A80 /* Vec3Slider.cpp */,
				8408C6CEFEF11A13AFD05C36 /* Vec3Slider.h */,
			);
			name = ui;
			sourceTree = "<group>";
		};
		56F4B4FA8115FC9346E29B5E /* fl2d */ = {
			isa = PBXGroup;
			children = (
				AA02BE57A7C640ECDCC73EB9 /* core */,
				D4D9AA37591F08306715DC6A /* display */,
				6D4170A5316CAFE89B9364BA /* events */,
				6C6E9BF77DA0F497B462FE99 /* Flash2D.cpp */,
				140A801B9F36D6BABFF92354 /* Flash2D.h */,
				E227ED8010FD7BBBA73B3896 /* FlashConfig.cpp */,
				D33309C62282C44DCF471E50 /* FlashConfig.h */,
				B9E125F3E22BEF314EFDE0F7 /* geom */,
				CBCF6F38C7675CF813C8825E /* net */,
				EE8AFB46C20D3942E857AB52 /* texts */,
				351E758B47E30F7AE3C88CE9 /* ui */,
			);
			name = fl2d;
			sourceTree = "<group>";
		};
		5B36264183DD3DF240007E1A /* utils */ = {
			isa = PBXGroup;
			children = (
				70269585EBCBFFE8AE4411D6 /* MathUtil.h */,
				EEFCD660DDC2634734F9226E /* NativeWindow.cpp */,
				BB66B8873D744791C7D5E6E8 /* NativeWindow.h */,
				E3AF6A0256446552F943DA78 /* StringUtil.h */,
			);
			name = utils;
			sourceTree = "<group>";
		};
		6948EE371B920CB800B5AC1A /* local_addons */ = {
			isa = PBXGroup;
			children = (
			);
			name = local_addons;
			sourceTree = "<group>";
		};
		6D4170A5316CAFE89B9364BA /* events */ = {
			isa = PBXGroup;
			children = (
				81022B629DBD3EBE5D1B12E0 /* AnimationEvent.cpp */,
				526BD9569CD59A26EAFA768C /* AnimationEvent.h */,
				40CCF8A4E3D12BCC697AB0F2 /* ButtonEvent.cpp */,
				6539B47A2EDBF4AE23BB7A1C /* ButtonEvent.h */,
				E8C36764527AE9D7AE546001 /* ColorPickerEvent.cpp */,
				DF4D7157C384BEC89AB55D3F /* ColorPickerEvent.h */,
				57CF876033F0FBB47A46B764 /* ColorSliderEvent.cpp */,
				8FAB1CAEA2380F6F375929FF /* ColorSliderEvent.h */,
				21D9F4E25DD095979198CC2E /* ComboBoxEvent.cpp */,
				C790E9510D43CCCBB5C29B2F /* ComboBoxEvent.h */,
				A62A74E969D82FF7F661AFAB /* Event.cpp */,
				F576EEB49BF5AC2EB72580AB /* Event.h */,
				4C6966F5DEF63F897E9A7728 /* EventDispatcher.cpp */,
				C1E30EF9E987DE97F5507F42 /* EventDispatcher.h */,
				028D6539BD527C596E3DBAC1 /* EventHandler.h */,
				B5AE32969766115EF96458F7 /* FocusEvent.cpp */,
				441F95DB750DA18EC9324557 /* FocusEvent.h */,
				DDF9C941BE61C6446964D89E /* JoyStick1DEvent.cpp */,
				7E583C42DC3EE685FAD0551A /* JoyStick1DEvent.h */,
				6E6D307D1EA1E0898CDF39BE /* Joystick2DEvent.cpp */,
				BC64E855C301C0F788C8D50D /* Joystick2DEvent.h */,
				7F3C203D48036262A47E7017 /* KeyboardEvent.cpp */,
				DC25F665E4B7D87466C56A29 /* KeyboardEvent.h */,
				DB45EAB0C524DE56F9DD1D34 /* MouseEvent.cpp */,
				BF4981CCC97A99805935CD88 /* MouseEvent.h */,
				A0851D7075A9E890852E9DF4 /* NumberDialerEvent.cpp */,
				474EB80D04414EB5A323382C /* NumberDialerEvent.h */,
				F912A29472C7B0E7FD00EFB2 /* PadEvent.cpp */,
				24070469E9701D65A193FC56 /* PadEvent.h */,
				A42B53F8B6BD90FA18BA60E0 /* RadioButtonEvent.cpp */,
				F71A244FCD58B0A52A7923EF /* RadioButtonEvent.h */,
				E9A747C536C9F60F4EC8E110 /* RangeSliderEvent.cpp */,
				B9D0B60EAE29B9EE9EB099AD /* RangeSliderEvent.h */,
				7BE3CB8D2A2EC8165EC3120B /* SliderEvent.cpp */,
				DDE24E5EB5A2387252F3ED6C /* SliderEvent.h */,
				D89AE6B40385205E20EABA81 /* SoundEvent.cpp */,
				06832DA7E5ABD037E32A91DE /* SoundEvent.h */,
				E7847249D2215CB4D894FD4D /* Vec2SliderEvent.cpp */,
				65612230B09DD334B67AF436 /* Vec2SliderEvent.h */,
				E8A966482A8A174310116FCF /* Vec3SliderEvent.cpp */,
				64C923C1E696CF765B8D5E58 /* Vec3SliderEvent.h */,
			);
			name = events;
			sourceTree = "<group>";
		};
		AA02BE57A7C640ECDCC73EB9 /* core */ = {
			isa = PBXGroup;
			children = (
				2A1B640305B12E7F8C79956B /* Object.cpp */,
				FAAB9730DFB0AF65E33A901D /* Object.h */,
			);
			name = core;
			sourceTree = "<group>";
		};
		B9E125F3E22BEF314EFDE0F7 /* geom */ = {
			isa = PBXGroup;
			children = (
				93C6AF21C4A52C5C39B333F0 /* ColorTransform.cpp */,
				91457DA735C4CB614B5C9D13 /* ColorTransform.h */,
				B69DF379BD34F785A1BBB8C8 /* Matrix.cpp */,
				AD3F44F299F8B18FF1FD192A /* Matrix.h */,
				54C0BA464FA57AA8E96DBD34 /* Particle2D.cpp */,
				09890E72CEBB3A9E723B1953 /* Particle2D.h */,
				45233E53B2B61A96360CA807 /* Rectangle.cpp */,
				4FE918E71E3B4C43BBCEAAD6 /* Rectangle.h */,
				7A25F3C10BF47B63FDA9A0DD /* Transform.cpp */,
				01B6435CBA1B2079B2322F43 /* Transform.h */,
			);
			name = geom;
			sourceTree = "<group>";
		};
		BB4B014C10F69532006C3DED /* addons */ = {
			isa = PBXGroup;
			children = (
				FDF8B764687CBF985FFF2D62 /* ofxSelflash */,
			);
			name = addons;
			sourceTree = "<group>";
		};
		C6F37CDAA6E165092FB46701 /* src */ = {
			isa = PBXGroup;
			children = (
				56F4B4FA8115FC9346E29B5E /* fl2d */,
				88CF517EAA3CE5BF870884BC /* ofxSelflash.h */,
				5B36264183DD3DF240007E1A /* utils */,
			);
			name = src;
			sourceTree = "<group>";
		};
		CBCF6F38C7675CF813C8825E /* net */ = {
			isa = PBXGroup;
			children = (
				37DCA6DEB377242CDA3434FB /* Loader.h */,
			);
			name = net;
			sourceTree = "<group>";
		};
		D4D9AA37591F08306715DC6A /* display */ = {
			isa = PBXGroup;
			children = (
				436D127F6297203DD6426905 /* BItmap.cpp */,
				17E2E964F4C7EBBB0FBF015D /* BItmap.h */,
				81E48CFAB2BD699541C09BE5 /* BitmapData.cpp */,
				37CEF776AD3652D4E698D348 /* BitmapData.h */,
				062789D17FA12DC05823D76B /* BlendMode.cpp */,
				FC7640369DCDCE0E5D027FA6 /* BlendMode.h */,
				8497FD43E9A4F44163BB3585 /* DisplayObject.cpp */,
				95DF8889396F3F8A4866B552 /* DisplayObject.h */,
				934C907048A975D99C0815F1 /* DisplayObjectContainer.cpp */,
				4147E7384A85E1CF87A8E466 /* DisplayObjectContainer.h */,
				9A9F224F3C0B709AF7805E1D /* Graphics.cpp */,
				81F128CEE8ED00756B6A7A61 /* Graphics.h */,
				27E8EB31EBCCB8752E638E17 /* InteractiveObject.cpp */,
				1BFCC737129B5043B3565D99 /* InteractiveObject.h */,
				023E5D6BD941DEE7F969D565 /* MovieClip.cpp */,
				9691035A4C798136A7457265 /* MovieClip.h */,
				8C57F1A5000BFB80FF53B115 /* Shape.cpp */,
				1FD0106EF7016167887D1F26 /* Shape.h */,
				3634C362E960536F92A5EF02 /* Sprite.cpp */,
				86A080A50CBDDD24480EEC98 /* Sprite.h */,
				62036049E97E32AA95F053E8 /* Stage.cpp */,
				F9729818BE32412F1D4FEF25 /* Stage.h */,
			);
			name = display;
			sourceTree = "<group>";
		};
		E4328144138ABC890047C5CB /* Products */ = {
			isa = PBXGroup;
			children = (
				E4328148138ABC890047C5CB /* openFrameworksDebug.a */,
			);
			name = Products;
			sourceTree = "<group>";
		};
		E4B69B4A0A3A1720003C02F2 = {
			isa = PBXGroup;
			children = (
				E4B6FCAD0C3E899E008CF71C /* openFrameworks-Info.plist */,
				E4EB6923138AFD0F00A09F29 /* Project.xcconfig */,
				E4B69E1C0A3A1BDC003C02F2 /* src */,
				E4EEC9E9138DF44700A80321 /* openFrameworks */,
				BB4B014C10F69532006C3DED /* addons */,
				6948EE371B920CB800B5AC1A /* local_addons */,
				E4B69B5B0A3A1756003C02F2 /* ofAppDebug.app */,
			);
			sourceTree = "<group>";
		};
		E4B69E1C0A3A1BDC003C02F2 /* src */ = {
			isa = PBXGroup;
			children = (
				119640811DCC998700224B46 /* Container.cpp */,
				119640821DCC998700224B46 /* Container.h */,
				119640831DCC998700224B46 /* CustomSpriteA.cpp */,
				119640841DCC998700224B46 /* CustomSpriteA.h */,
				E4B69E1D0A3A1BDC003C02F2 /* main.cpp */,
				E4B69E1E0A3A1BDC003C02F2 /* ofApp.cpp */,
				E4B69E1F0A3A1BDC003C02F2 /* ofApp.h */,
			);
			path = src;
			sourceTree = SOURCE_ROOT;
		};
		E4EEC9E9138DF44700A80321 /* openFrameworks */ = {
			isa = PBXGroup;
			children = (
				E4EB691F138AFCF100A09F29 /* CoreOF.xcconfig */,
				E4328143138ABC890047C5CB /* openFrameworksLib.xcodeproj */,
			);
			name = openFrameworks;
			sourceTree = "<group>";
		};
		EE8AFB46C20D3942E857AB52 /* texts */ = {
			isa = PBXGroup;
			children = (
				9B1D5139CE40A3EE68DF10CE /* Font.cpp */,
				8D341B647E42453144140B4F /* Font.h */,
				4069E9F27C9AD0C06E6DC719 /* TextField.cpp */,
				9DA508BF0A7DA48076722B6E /* TextField.h */,
				681A38406B09A03B3D1DE17C /* TextFieldAutoSize.cpp */,
				2FA975E190A197E5614AFC5A /* TextFieldAutoSize.h */,
			);
			name = texts;
			sourceTree = "<group>";
		};
		FDF8B764687CBF985FFF2D62 /* ofxSelflash */ = {
			isa = PBXGroup;
			children = (
				C6F37CDAA6E165092FB46701 /* src */,
			);
			name = ofxSelflash;
			sourceTree = "<group>";
		};
/* End PBXGroup section */

/* Begin PBXNativeTarget section */
		E4B69B5A0A3A1756003C02F2 /* ofApp */ = {
			isa = PBXNativeTarget;
			buildConfigurationList = E4B69B5F0A3A1757003C02F2 /* Build configuration list for PBXNativeTarget "ofApp" */;
			buildPhases = (
				E4B69B580A3A1756003C02F2 /* Sources */,
				E4B69B590A3A1756003C02F2 /* Frameworks */,
				E4B6FFFD0C3F9AB9008CF71C /* ShellScript */,
				E4C2427710CC5ABF004149E2 /* CopyFiles */,
			);
			buildRules = (
			);
			dependencies = (
				E4EEB9AC138B136A00A80321 /* PBXTargetDependency */,
			);
			name = ofApp;
			productName = myOFApp;
			productReference = E4B69B5B0A3A1756003C02F2 /* ofAppDebug.app */;
			productType = "com.apple.product-type.application";
		};
/* End PBXNativeTarget section */

/* Begin PBXProject section */
		E4B69B4C0A3A1720003C02F2 /* Project object */ = {
			isa = PBXProject;
			attributes = {
				LastUpgradeCheck = 0600;
			};
			buildConfigurationList = E4B69B4D0A3A1720003C02F2 /* Build configuration list for PBXProject "ofApp" */;
			compatibilityVersion = "Xcode 3.2";
			developmentRegion = English;
			hasScannedForEncodings = 0;
			knownRegions = (
				English,
				Japanese,
				French,
				German,
			);
			mainGroup = E4B69B4A0A3A1720003C02F2;
			productRefGroup = E4B69B4A0A3A1720003C02F2;
			projectDirPath = "";
			projectReferences = (
				{
					ProductGroup = E4328144138ABC890047C5CB /* Products */;
					ProjectRef = E4328143138ABC890047C5CB /* openFrameworksLib.xcodeproj */;
				},
			);
			projectRoot = "";
			targets = (
				E4B69B5A0A3A1756003C02F2 /* ofApp */,
			);
		};
/* End PBXProject section */

/* Begin PBXReferenceProxy section */
		E4328148138ABC890047C5CB /* openFrameworksDebug.a */ = {
			isa = PBXReferenceProxy;
			fileType = archive.ar;
			path = openFrameworksDebug.a;
			remoteRef = E4328147138ABC890047C5CB /* PBXContainerItemProxy */;
			sourceTree = BUILT_PRODUCTS_DIR;
		};
/* End PBXReferenceProxy section */

/* Begin PBXShellScriptBuildPhase section */
		E4B6FFFD0C3F9AB9008CF71C /* ShellScript */ = {
			isa = PBXShellScriptBuildPhase;
			buildActionMask = 2147483647;
			files = (
			);
			inputPaths = (
			);
			outputPaths = (
			);
			runOnlyForDeploymentPostprocessing = 0;
			shellPath = /bin/sh;
			shellScript = "mkdir -p \"$TARGET_BUILD_DIR/$PRODUCT_NAME.app/Contents/Resources/\"\n# Copy default icon file into App/Resources\nrsync -aved \"$ICON_FILE\" \"$TARGET_BUILD_DIR/$PRODUCT_NAME.app/Contents/Resources/\"\n# Copy libfmod and change install directory for fmod to run\nrsync -aved ../../../libs/fmodex/lib/osx/libfmodex.dylib \"$TARGET_BUILD_DIR/$PRODUCT_NAME.app/Contents/Frameworks/\";\ninstall_name_tool -change @executable_path/libfmodex.dylib @executable_path/../Frameworks/libfmodex.dylib \"$TARGET_BUILD_DIR/$PRODUCT_NAME.app/Contents/MacOS/$PRODUCT_NAME\";\n# Copy GLUT framework (must remove for AppStore submissions)\nrsync -aved ../../../libs/glut/lib/osx/GLUT.framework \"$TARGET_BUILD_DIR/$PRODUCT_NAME.app/Contents/Frameworks/\"\n";
		};
/* End PBXShellScriptBuildPhase section */

/* Begin PBXSourcesBuildPhase section */
		E4B69B580A3A1756003C02F2 /* Sources */ = {
			isa = PBXSourcesBuildPhase;
			buildActionMask = 2147483647;
			files = (
				E4B69E200A3A1BDC003C02F2 /* main.cpp in Sources */,
				E4B69E210A3A1BDC003C02F2 /* ofApp.cpp in Sources */,
				DF15F34E3BF6007E59894AF4 /* Object.cpp in Sources */,
				2C37863F2C7D579FC91A6E92 /* BItmap.cpp in Sources */,
				FFAA1800BC15D2BBB29677B4 /* BitmapData.cpp in Sources */,
				6E19E10B9A2683DAF7898E0C /* BlendMode.cpp in Sources */,
				28033387AA378237CC87883C /* DisplayObject.cpp in Sources */,
				1A0C4143D28CF79010A55DEC /* DisplayObjectContainer.cpp in Sources */,
				496403E71DEF84928A1EF641 /* Graphics.cpp in Sources */,
				71560AD81E183D9DE12ABF0F /* InteractiveObject.cpp in Sources */,
				25DA37963DE2EC746EDAEFFF /* MovieClip.cpp in Sources */,
				AC786B4DBFE72EC74969FC1C /* Shape.cpp in Sources */,
				549E722C7BBF7D6E63B46BC3 /* Sprite.cpp in Sources */,
				AFE7763ECF32AEE5CB33C127 /* Stage.cpp in Sources */,
				BA37F4E88866FB4E8FC08967 /* AnimationEvent.cpp in Sources */,
				746E370F9117E805D7683182 /* ButtonEvent.cpp in Sources */,
				137C61A7B9C158344F5D5226 /* ColorPickerEvent.cpp in Sources */,
				A70ABBA2EB3F1CE17D8B9CBE /* ColorSliderEvent.cpp in Sources */,
				AC61CB58628095359DEB6FE0 /* ComboBoxEvent.cpp in Sources */,
				A18541FB6F30F2C5A01A11B0 /* Event.cpp in Sources */,
				25CA0B26A07B84FDDF939EFE /* EventDispatcher.cpp in Sources */,
				DA2E8F3C34B8C69B890943E5 /* FocusEvent.cpp in Sources */,
				897FCF0C2E192DAAE1D4A0EA /* JoyStick1DEvent.cpp in Sources */,
				45CDB4B0225702E68A31C8ED /* Joystick2DEvent.cpp in Sources */,
				6E8B98ABF041A4B6CBACEEE8 /* KeyboardEvent.cpp in Sources */,
				5B56F8C8D3ED5DE791C0DA49 /* MouseEvent.cpp in Sources */,
				DC0F2F7C53BD4F1031A0A7AF /* NumberDialerEvent.cpp in Sources */,
				28629ABEDFD2FD0CD1FE3C37 /* PadEvent.cpp in Sources */,
				3F59D8FB4165913BBF72BDF3 /* RadioButtonEvent.cpp in Sources */,
				FBA8157A52B0C5156240B298 /* RangeSliderEvent.cpp in Sources */,
				544E8D151CAD6A9EA28B3887 /* SliderEvent.cpp in Sources */,
				6FDD41015C79EEE652C5DF51 /* SoundEvent.cpp in Sources */,
				60E6D414AD382BE449882CE4 /* Vec2SliderEvent.cpp in Sources */,
				119640851DCC998700224B46 /* Container.cpp in Sources */,
				5978D05E2A94B9E6D3204646 /* Vec3SliderEvent.cpp in Sources */,
				C78278E8EE590621F2D57636 /* Flash2D.cpp in Sources */,
				078974189602C5C3ACD4180B /* FlashConfig.cpp in Sources */,
				FF9D11C98FD3A94C442B5507 /* ColorTransform.cpp in Sources */,
				5C16C9662AD042A6C3711A9C /* Matrix.cpp in Sources */,
				CC69D17A2CAE0E333D03D333 /* Particle2D.cpp in Sources */,
				CEB7433B13878FCE4AA898CD /* Rectangle.cpp in Sources */,
				D4D207E702FCCDA82B30F5D4 /* Transform.cpp in Sources */,
				1C65C0705B66A7703B0F3482 /* Font.cpp in Sources */,
				2B1087380802DD5699BEFF01 /* TextField.cpp in Sources */,
				D92014B1BE491D440AD4547A /* TextFieldAutoSize.cpp in Sources */,
				0C6D65E1FAD493429199B1AA /* Button.cpp in Sources */,
				8F4EE1CD61FE80E09AED6E7C /* CircleColorPicker.cpp in Sources */,
				2E55BF1E35174D1D0B572E8D /* ColorSlider.cpp in Sources */,
				C0173EB4946165CB90176987 /* ComboBox.cpp in Sources */,
				F8A49413BA2DAA6AF447E28F /* JoyStick1D.cpp in Sources */,
				15DE4F56DC0BC0077A1634DD /* JoyStick2D.cpp in Sources */,
				2193A770317967C21EDCA171 /* Keyboard.cpp in Sources */,
				119640861DCC998700224B46 /* CustomSpriteA.cpp in Sources */,
				C06458468E9F5ED900776198 /* Mouse.cpp in Sources */,
				4DD3527CB6275CACAF2FE0B4 /* NumberDialer.cpp in Sources */,
				26A5F84A58EFB11833D17913 /* Pad2D.cpp in Sources */,
				3623FDCE60EFC84A0E8C7099 /* Pad3D.cpp in Sources */,
				939D0086BFEDFF7464FF4487 /* RadioButton.cpp in Sources */,
				9FF6EBA05B543F8719971D67 /* RangeSlider.cpp in Sources */,
				1CD6C940E24C69CF552AF2A8 /* RotarySlider.cpp in Sources */,
				842682DD49F067E27034C9A4 /* ScrollKit.cpp in Sources */,
				BE18FF2768A41B1453407B2A /* Slider.cpp in Sources */,
				DF9D7AAB2174F505F78E2E8D /* Vec2Slider.cpp in Sources */,
				7E5D385165C3F31BE1D865FE /* Vec3Slider.cpp in Sources */,
				BB9599CFA9914A810D479232 /* NativeWindow.cpp in Sources */,
			);
			runOnlyForDeploymentPostprocessing = 0;
		};
/* End PBXSourcesBuildPhase section */

/* Begin PBXTargetDependency section */
		E4EEB9AC138B136A00A80321 /* PBXTargetDependency */ = {
			isa = PBXTargetDependency;
			name = openFrameworks;
			targetProxy = E4EEB9AB138B136A00A80321 /* PBXContainerItemProxy */;
		};
/* End PBXTargetDependency section */

/* Begin XCBuildConfiguration section */
		E4B69B4E0A3A1720003C02F2 /* Debug */ = {
			isa = XCBuildConfiguration;
			baseConfigurationReference = E4EB6923138AFD0F00A09F29 /* Project.xcconfig */;
			buildSettings = {
				CONFIGURATION_BUILD_DIR = "$(SRCROOT)/bin/";
				COPY_PHASE_STRIP = NO;
				DEAD_CODE_STRIPPING = YES;
				GCC_AUTO_VECTORIZATION = YES;
				GCC_ENABLE_SSE3_EXTENSIONS = YES;
				GCC_ENABLE_SUPPLEMENTAL_SSE3_INSTRUCTIONS = YES;
				GCC_INLINES_ARE_PRIVATE_EXTERN = NO;
				GCC_OPTIMIZATION_LEVEL = 0;
				GCC_SYMBOLS_PRIVATE_EXTERN = NO;
				GCC_WARN_ABOUT_DEPRECATED_FUNCTIONS = YES;
				GCC_WARN_ABOUT_INVALID_OFFSETOF_MACRO = NO;
				GCC_WARN_ALLOW_INCOMPLETE_PROTOCOL = NO;
				GCC_WARN_UNINITIALIZED_AUTOS = NO;
				GCC_WARN_UNUSED_VALUE = NO;
				GCC_WARN_UNUSED_VARIABLE = NO;
				HEADER_SEARCH_PATHS = (
					"$(OF_CORE_HEADERS)",
					../../../addons/ofxSelflash/src,
					../../../addons/ofxSelflash/src/fl2d,
					../../../addons/ofxSelflash/src/fl2d/core,
					../../../addons/ofxSelflash/src/fl2d/display,
					../../../addons/ofxSelflash/src/fl2d/events,
					../../../addons/ofxSelflash/src/fl2d/filters,
					../../../addons/ofxSelflash/src/fl2d/geom,
					../../../addons/ofxSelflash/src/fl2d/gl,
					../../../addons/ofxSelflash/src/fl2d/media,
					../../../addons/ofxSelflash/src/fl2d/net,
					../../../addons/ofxSelflash/src/fl2d/texts,
					../../../addons/ofxSelflash/src/fl2d/ui,
					../../../addons/ofxSelflash/src/fltw,
					../../../addons/ofxSelflash/src/fltw/fl2d,
					../../../addons/ofxSelflash/src/fltw/fl3d,
					../../../addons/ofxSelflash/src/utils,
				);
				MACOSX_DEPLOYMENT_TARGET = 10.8;
				ONLY_ACTIVE_ARCH = YES;
				OTHER_CPLUSPLUSFLAGS = (
					"-D__MACOSX_CORE__",
					"-mtune=native",
				);
				SDKROOT = macosx;
			};
			name = Debug;
		};
		E4B69B4F0A3A1720003C02F2 /* Release */ = {
			isa = XCBuildConfiguration;
			baseConfigurationReference = E4EB6923138AFD0F00A09F29 /* Project.xcconfig */;
			buildSettings = {
				CONFIGURATION_BUILD_DIR = "$(SRCROOT)/bin/";
				COPY_PHASE_STRIP = YES;
				DEAD_CODE_STRIPPING = YES;
				GCC_AUTO_VECTORIZATION = YES;
				GCC_ENABLE_SSE3_EXTENSIONS = YES;
				GCC_ENABLE_SUPPLEMENTAL_SSE3_INSTRUCTIONS = YES;
				GCC_INLINES_ARE_PRIVATE_EXTERN = NO;
				GCC_OPTIMIZATION_LEVEL = 3;
				GCC_SYMBOLS_PRIVATE_EXTERN = NO;
				GCC_UNROLL_LOOPS = YES;
				GCC_WARN_ABOUT_DEPRECATED_FUNCTIONS = YES;
				GCC_WARN_ABOUT_INVALID_OFFSETOF_MACRO = NO;
				GCC_WARN_ALLOW_INCOMPLETE_PROTOCOL = NO;
				GCC_WARN_UNINITIALIZED_AUTOS = NO;
				GCC_WARN_UNUSED_VALUE = NO;
				GCC_WARN_UNUSED_VARIABLE = NO;
				HEADER_SEARCH_PATHS = (
					"$(OF_CORE_HEADERS)",
					../../../addons/ofxSelflash/src,
					../../../addons/ofxSelflash/src/fl2d,
					../../../addons/ofxSelflash/src/fl2d/core,
					../../../addons/ofxSelflash/src/fl2d/display,
					../../../addons/ofxSelflash/src/fl2d/events,
					../../../addons/ofxSelflash/src/fl2d/filters,
					../../../addons/ofxSelflash/src/fl2d/geom,
					../../../addons/ofxSelflash/src/fl2d/gl,
					../../../addons/ofxSelflash/src/fl2d/media,
					../../../addons/ofxSelflash/src/fl2d/net,
					../../../addons/ofxSelflash/src/fl2d/texts,
					../../../addons/ofxSelflash/src/fl2d/ui,
					../../../addons/ofxSelflash/src/fltw,
					../../../addons/ofxSelflash/src/fltw/fl2d,
					../../../addons/ofxSelflash/src/fltw/fl3d,
					../../../addons/ofxSelflash/src/utils,
				);
				MACOSX_DEPLOYMENT_TARGET = 10.8;
				OTHER_CPLUSPLUSFLAGS = (
					"-D__MACOSX_CORE__",
					"-mtune=native",
				);
				SDKROOT = macosx;
			};
			name = Release;
		};
		E4B69B600A3A1757003C02F2 /* Debug */ = {
			isa = XCBuildConfiguration;
			baseConfigurationReference = E4EB6923138AFD0F00A09F29 /* Project.xcconfig */;
			buildSettings = {
				COMBINE_HIDPI_IMAGES = YES;
				COPY_PHASE_STRIP = NO;
				FRAMEWORK_SEARCH_PATHS = (
					"$(inherited)",
					"$(FRAMEWORK_SEARCH_PATHS_QUOTED_FOR_TARGET_1)",
				);
				FRAMEWORK_SEARCH_PATHS_QUOTED_FOR_TARGET_1 = "\"$(SRCROOT)/../../../libs/glut/lib/osx\"";
				GCC_DYNAMIC_NO_PIC = NO;
				GCC_GENERATE_DEBUGGING_SYMBOLS = YES;
				GCC_MODEL_TUNING = NONE;
				HEADER_SEARCH_PATHS = (
					"$(OF_CORE_HEADERS)",
					../../../addons/ofxSelflash/src,
					../../../addons/ofxSelflash/src/fl2d,
					../../../addons/ofxSelflash/src/fl2d/core,
					../../../addons/ofxSelflash/src/fl2d/display,
					../../../addons/ofxSelflash/src/fl2d/events,
					../../../addons/ofxSelflash/src/fl2d/filters,
					../../../addons/ofxSelflash/src/fl2d/geom,
					../../../addons/ofxSelflash/src/fl2d/gl,
					../../../addons/ofxSelflash/src/fl2d/media,
					../../../addons/ofxSelflash/src/fl2d/net,
					../../../addons/ofxSelflash/src/fl2d/texts,
					../../../addons/ofxSelflash/src/fl2d/ui,
					../../../addons/ofxSelflash/src/fltw,
					../../../addons/ofxSelflash/src/fltw/fl2d,
					../../../addons/ofxSelflash/src/fltw/fl3d,
					../../../addons/ofxSelflash/src/utils,
				);
				ICON = "$(ICON_NAME_DEBUG)";
				ICON_FILE = "$(ICON_FILE_PATH)$(ICON)";
				INFOPLIST_FILE = "openFrameworks-Info.plist";
				INSTALL_PATH = /Applications;
				LIBRARY_SEARCH_PATHS = "$(inherited)";
				PRODUCT_NAME = "$(TARGET_NAME)Debug";
				WRAPPER_EXTENSION = app;
			};
			name = Debug;
		};
		E4B69B610A3A1757003C02F2 /* Release */ = {
			isa = XCBuildConfiguration;
			baseConfigurationReference = E4EB6923138AFD0F00A09F29 /* Project.xcconfig */;
			buildSettings = {
				COMBINE_HIDPI_IMAGES = YES;
				COPY_PHASE_STRIP = YES;
				FRAMEWORK_SEARCH_PATHS = (
					"$(inherited)",
					"$(FRAMEWORK_SEARCH_PATHS_QUOTED_FOR_TARGET_1)",
				);
				FRAMEWORK_SEARCH_PATHS_QUOTED_FOR_TARGET_1 = "\"$(SRCROOT)/../../../libs/glut/lib/osx\"";
				GCC_GENERATE_DEBUGGING_SYMBOLS = YES;
				GCC_MODEL_TUNING = NONE;
				HEADER_SEARCH_PATHS = (
					"$(OF_CORE_HEADERS)",
					../../../addons/ofxSelflash/src,
					../../../addons/ofxSelflash/src/fl2d,
					../../../addons/ofxSelflash/src/fl2d/core,
					../../../addons/ofxSelflash/src/fl2d/display,
					../../../addons/ofxSelflash/src/fl2d/events,
					../../../addons/ofxSelflash/src/fl2d/filters,
					../../../addons/ofxSelflash/src/fl2d/geom,
					../../../addons/ofxSelflash/src/fl2d/gl,
					../../../addons/ofxSelflash/src/fl2d/media,
					../../../addons/ofxSelflash/src/fl2d/net,
					../../../addons/ofxSelflash/src/fl2d/texts,
					../../../addons/ofxSelflash/src/fl2d/ui,
					../../../addons/ofxSelflash/src/fltw,
					../../../addons/ofxSelflash/src/fltw/fl2d,
					../../../addons/ofxSelflash/src/fltw/fl3d,
					../../../addons/ofxSelflash/src/utils,
				);
				ICON = "$(ICON_NAME_RELEASE)";
				ICON_FILE = "$(ICON_FILE_PATH)$(ICON)";
				INFOPLIST_FILE = "openFrameworks-Info.plist";
				INSTALL_PATH = /Applications;
				LIBRARY_SEARCH_PATHS = "$(inherited)";
				PRODUCT_NAME = "$(TARGET_NAME)";
				WRAPPER_EXTENSION = app;
				baseConfigurationReference = E4EB6923138AFD0F00A09F29;
			};
			name = Release;
		};
/* End XCBuildConfiguration section */

/* Begin XCConfigurationList section */
		E4B69B4D0A3A1720003C02F2 /* Build configuration list for PBXProject "ofApp" */ = {
			isa = XCConfigurationList;
			buildConfigurations = (
				E4B69B4E0A3A1720003C02F2 /* Debug */,
				E4B69B4F0A3A1720003C02F2 /* Release */,
			);
			defaultConfigurationIsVisible = 0;
			defaultConfigurationName = Release;
		};
		E4B69B5F0A3A1757003C02F2 /* Build configuration list for PBXNativeTarget "ofApp" */ = {
			isa = XCConfigurationList;
			buildConfigurations = (
				E4B69B600A3A1757003C02F2 /* Debug */,
				E4B69B610A3A1757003C02F2 /* Release */,
			);
			defaultConfigurationIsVisible = 0;
			defaultConfigurationName = Release;
		};
/* End XCConfigurationList section */
	};
	rootObject = E4B69B4C0A3A1720003C02F2 /* Project object */;
}
